
Microsoft Visual Studio Solution File, Format Version 12.00
# Visual Studio 14
VisualStudioVersion = 14.0.23107.0
MinimumVisualStudioVersion = 10.0.40219.1
Project("{2150E333-8FDC-42A3-9474-1A3956D46DE8}") = "model-libs", "model-libs", "{987725F0-591F-4C41-B5C7-A87B63D56F56}"
EndProject
Project("{8BC9CEB8-8B4A-11D0-8D11-00A0C91BC942}") = "objmdl", "model-libs\objmdl\ObjMdl.vcxproj", "{8F3FE293-D9B1-4C72-BB96-155AF4A8910B}"
EndProject
Project("{8BC9CEB8-8B4A-11D0-8D11-00A0C91BC942}") = "asyncmdl", "model-libs\asyncmdl\asyncmdl.vcxproj", "{17F9075F-67AC-4EAB-8181-C195A5D52696}"
EndProject
Project("{8BC9CEB8-8B4A-11D0-8D11-00A0C91BC942}") = "viewmdl", "model-libs\viewmdl\ViewMdl.vcxproj", "{3AD8CC48-9221-480A-9B11-FAA7A54FC340}"
EndProject
Project("{8BC9CEB8-8B4A-11D0-8D11-00A0C91BC942}") = "libcurl", "model-libs\curl\projects\Windows\VC12\lib\libcurl.vcxproj", "{DA6F56B4-06A4-441D-AD70-AC5A7D51FADB}"
EndProject
Project("{8BC9CEB8-8B4A-11D0-8D11-00A0C91BC942}") = "netmdl", "model-libs\netmdl\netmdl.vcxproj", "{5A8AE24D-1BC4-4561-B754-486B5C266555}"
EndProject
Project("{2150E333-8FDC-42A3-9474-1A3956D46DE8}") = "base-notifier", "base-notifier", "{9EBC7C68-3E8E-4873-BF4E-7054EA791851}"
EndProject
Project("{8BC9CEB8-8B4A-11D0-8D11-00A0C91BC942}") = "NotifierHost", "BaseNotifier\NotifierHost\JiraNotifier.vcxproj", "{E62D9A7F-ED7A-4657-88F2-F233F91380EA}"
EndProject
Project("{8BC9CEB8-8B4A-11D0-8D11-00A0C91BC942}") = "tcconn", "tcconn\tcconn.vcxproj", "{5E00425B-AD68-4E3C-8FDA-6130F8A47766}"
EndProject
Project("{8BC9CEB8-8B4A-11D0-8D11-00A0C91BC942}") = "tcmdl", "tcmdl\tcmdl.vcxproj", "{FDA2E6CF-46B0-4219-BDF1-1840623482FF}"
EndProject
Global
	GlobalSection(SolutionConfigurationPlatforms) = preSolution
		Debug_XP|x64 = Debug_XP|x64
		Debug_XP|x86 = Debug_XP|x86
		Debug|x64 = Debug|x64
		Debug|x86 = Debug|x86
		DLL Debug - DLL OpenSSL - DLL LibSSH2|x64 = DLL Debug - DLL OpenSSL - DLL LibSSH2|x64
		DLL Debug - DLL OpenSSL - DLL LibSSH2|x86 = DLL Debug - DLL OpenSSL - DLL LibSSH2|x86
		DLL Debug - DLL OpenSSL|x64 = DLL Debug - DLL OpenSSL|x64
		DLL Debug - DLL OpenSSL|x86 = DLL Debug - DLL OpenSSL|x86
		DLL Debug - DLL Windows SSPI|x64 = DLL Debug - DLL Windows SSPI|x64
		DLL Debug - DLL Windows SSPI|x86 = DLL Debug - DLL Windows SSPI|x86
		DLL Debug|x64 = DLL Debug|x64
		DLL Debug|x86 = DLL Debug|x86
		DLL Release - DLL OpenSSL - DLL LibSSH2|x64 = DLL Release - DLL OpenSSL - DLL LibSSH2|x64
		DLL Release - DLL OpenSSL - DLL LibSSH2|x86 = DLL Release - DLL OpenSSL - DLL LibSSH2|x86
		DLL Release - DLL OpenSSL|x64 = DLL Release - DLL OpenSSL|x64
		DLL Release - DLL OpenSSL|x86 = DLL Release - DLL OpenSSL|x86
		DLL Release - DLL Windows SSPI|x64 = DLL Release - DLL Windows SSPI|x64
		DLL Release - DLL Windows SSPI|x86 = DLL Release - DLL Windows SSPI|x86
		DLL Release|x64 = DLL Release|x64
		DLL Release|x86 = DLL Release|x86
		LIB Debug - DLL OpenSSL - DLL LibSSH2|x64 = LIB Debug - DLL OpenSSL - DLL LibSSH2|x64
		LIB Debug - DLL OpenSSL - DLL LibSSH2|x86 = LIB Debug - DLL OpenSSL - DLL LibSSH2|x86
		LIB Debug - DLL OpenSSL|x64 = LIB Debug - DLL OpenSSL|x64
		LIB Debug - DLL OpenSSL|x86 = LIB Debug - DLL OpenSSL|x86
		LIB Debug - DLL Windows SSPI|x64 = LIB Debug - DLL Windows SSPI|x64
		LIB Debug - DLL Windows SSPI|x86 = LIB Debug - DLL Windows SSPI|x86
		LIB Debug - LIB OpenSSL - LIB LibSSH2|x64 = LIB Debug - LIB OpenSSL - LIB LibSSH2|x64
		LIB Debug - LIB OpenSSL - LIB LibSSH2|x86 = LIB Debug - LIB OpenSSL - LIB LibSSH2|x86
		LIB Debug - LIB OpenSSL|x64 = LIB Debug - LIB OpenSSL|x64
		LIB Debug - LIB OpenSSL|x86 = LIB Debug - LIB OpenSSL|x86
		LIB Debug|x64 = LIB Debug|x64
		LIB Debug|x86 = LIB Debug|x86
		LIB Release - DLL OpenSSL - DLL LibSSH2|x64 = LIB Release - DLL OpenSSL - DLL LibSSH2|x64
		LIB Release - DLL OpenSSL - DLL LibSSH2|x86 = LIB Release - DLL OpenSSL - DLL LibSSH2|x86
		LIB Release - DLL OpenSSL|x64 = LIB Release - DLL OpenSSL|x64
		LIB Release - DLL OpenSSL|x86 = LIB Release - DLL OpenSSL|x86
		LIB Release - DLL Windows SSPI|x64 = LIB Release - DLL Windows SSPI|x64
		LIB Release - DLL Windows SSPI|x86 = LIB Release - DLL Windows SSPI|x86
		LIB Release - LIB OpenSSL - LIB LibSSH2|x64 = LIB Release - LIB OpenSSL - LIB LibSSH2|x64
		LIB Release - LIB OpenSSL - LIB LibSSH2|x86 = LIB Release - LIB OpenSSL - LIB LibSSH2|x86
		LIB Release - LIB OpenSSL|x64 = LIB Release - LIB OpenSSL|x64
		LIB Release - LIB OpenSSL|x86 = LIB Release - LIB OpenSSL|x86
		LIB Release|x64 = LIB Release|x64
		LIB Release|x86 = LIB Release|x86
		Release_XP|x64 = Release_XP|x64
		Release_XP|x86 = Release_XP|x86
		Release|x64 = Release|x64
		Release|x86 = Release|x86
	EndGlobalSection
	GlobalSection(ProjectConfigurationPlatforms) = postSolution
		{8F3FE293-D9B1-4C72-BB96-155AF4A8910B}.Debug_XP|x64.ActiveCfg = Debug_XP|x64
		{8F3FE293-D9B1-4C72-BB96-155AF4A8910B}.Debug_XP|x64.Build.0 = Debug_XP|x64
		{8F3FE293-D9B1-4C72-BB96-155AF4A8910B}.Debug_XP|x86.ActiveCfg = Debug_XP|Win32
		{8F3FE293-D9B1-4C72-BB96-155AF4A8910B}.Debug_XP|x86.Build.0 = Debug_XP|Win32
		{8F3FE293-D9B1-4C72-BB96-155AF4A8910B}.Debug|x64.ActiveCfg = Debug|x64
		{8F3FE293-D9B1-4C72-BB96-155AF4A8910B}.Debug|x64.Build.0 = Debug|x64
		{8F3FE293-D9B1-4C72-BB96-155AF4A8910B}.Debug|x86.ActiveCfg = Debug|Win32
		{8F3FE293-D9B1-4C72-BB96-155AF4A8910B}.Debug|x86.Build.0 = Debug|Win32
		{8F3FE293-D9B1-4C72-BB96-155AF4A8910B}.DLL Debug - DLL OpenSSL - DLL LibSSH2|x64.ActiveCfg = Debug|x64
		{8F3FE293-D9B1-4C72-BB96-155AF4A8910B}.DLL Debug - DLL OpenSSL - DLL LibSSH2|x64.Build.0 = Debug|x64
		{8F3FE293-D9B1-4C72-BB96-155AF4A8910B}.DLL Debug - DLL OpenSSL - DLL LibSSH2|x86.ActiveCfg = Debug|Win32
		{8F3FE293-D9B1-4C72-BB96-155AF4A8910B}.DLL Debug - DLL OpenSSL - DLL LibSSH2|x86.Build.0 = Debug|Win32
		{8F3FE293-D9B1-4C72-BB96-155AF4A8910B}.DLL Debug - DLL OpenSSL|x64.ActiveCfg = Debug|x64
		{8F3FE293-D9B1-4C72-BB96-155AF4A8910B}.DLL Debug - DLL OpenSSL|x64.Build.0 = Debug|x64
		{8F3FE293-D9B1-4C72-BB96-155AF4A8910B}.DLL Debug - DLL OpenSSL|x86.ActiveCfg = Debug|Win32
		{8F3FE293-D9B1-4C72-BB96-155AF4A8910B}.DLL Debug - DLL OpenSSL|x86.Build.0 = Debug|Win32
		{8F3FE293-D9B1-4C72-BB96-155AF4A8910B}.DLL Debug - DLL Windows SSPI|x64.ActiveCfg = Debug|x64
		{8F3FE293-D9B1-4C72-BB96-155AF4A8910B}.DLL Debug - DLL Windows SSPI|x64.Build.0 = Debug|x64
		{8F3FE293-D9B1-4C72-BB96-155AF4A8910B}.DLL Debug - DLL Windows SSPI|x86.ActiveCfg = Debug|Win32
		{8F3FE293-D9B1-4C72-BB96-155AF4A8910B}.DLL Debug - DLL Windows SSPI|x86.Build.0 = Debug|Win32
		{8F3FE293-D9B1-4C72-BB96-155AF4A8910B}.DLL Debug|x64.ActiveCfg = Debug|x64
		{8F3FE293-D9B1-4C72-BB96-155AF4A8910B}.DLL Debug|x64.Build.0 = Debug|x64
		{8F3FE293-D9B1-4C72-BB96-155AF4A8910B}.DLL Debug|x86.ActiveCfg = Debug|Win32
		{8F3FE293-D9B1-4C72-BB96-155AF4A8910B}.DLL Debug|x86.Build.0 = Debug|Win32
		{8F3FE293-D9B1-4C72-BB96-155AF4A8910B}.DLL Release - DLL OpenSSL - DLL LibSSH2|x64.ActiveCfg = Release|x64
		{8F3FE293-D9B1-4C72-BB96-155AF4A8910B}.DLL Release - DLL OpenSSL - DLL LibSSH2|x64.Build.0 = Release|x64
		{8F3FE293-D9B1-4C72-BB96-155AF4A8910B}.DLL Release - DLL OpenSSL - DLL LibSSH2|x86.ActiveCfg = Release|Win32
		{8F3FE293-D9B1-4C72-BB96-155AF4A8910B}.DLL Release - DLL OpenSSL - DLL LibSSH2|x86.Build.0 = Release|Win32
		{8F3FE293-D9B1-4C72-BB96-155AF4A8910B}.DLL Release - DLL OpenSSL|x64.ActiveCfg = Release|x64
		{8F3FE293-D9B1-4C72-BB96-155AF4A8910B}.DLL Release - DLL OpenSSL|x64.Build.0 = Release|x64
		{8F3FE293-D9B1-4C72-BB96-155AF4A8910B}.DLL Release - DLL OpenSSL|x86.ActiveCfg = Release|Win32
		{8F3FE293-D9B1-4C72-BB96-155AF4A8910B}.DLL Release - DLL OpenSSL|x86.Build.0 = Release|Win32
		{8F3FE293-D9B1-4C72-BB96-155AF4A8910B}.DLL Release - DLL Windows SSPI|x64.ActiveCfg = Release|x64
		{8F3FE293-D9B1-4C72-BB96-155AF4A8910B}.DLL Release - DLL Windows SSPI|x64.Build.0 = Release|x64
		{8F3FE293-D9B1-4C72-BB96-155AF4A8910B}.DLL Release - DLL Windows SSPI|x86.ActiveCfg = Release|Win32
		{8F3FE293-D9B1-4C72-BB96-155AF4A8910B}.DLL Release - DLL Windows SSPI|x86.Build.0 = Release|Win32
		{8F3FE293-D9B1-4C72-BB96-155AF4A8910B}.DLL Release|x64.ActiveCfg = Release|x64
		{8F3FE293-D9B1-4C72-BB96-155AF4A8910B}.DLL Release|x64.Build.0 = Release|x64
		{8F3FE293-D9B1-4C72-BB96-155AF4A8910B}.DLL Release|x86.ActiveCfg = Release|Win32
		{8F3FE293-D9B1-4C72-BB96-155AF4A8910B}.DLL Release|x86.Build.0 = Release|Win32
		{8F3FE293-D9B1-4C72-BB96-155AF4A8910B}.LIB Debug - DLL OpenSSL - DLL LibSSH2|x64.ActiveCfg = Debug|x64
		{8F3FE293-D9B1-4C72-BB96-155AF4A8910B}.LIB Debug - DLL OpenSSL - DLL LibSSH2|x64.Build.0 = Debug|x64
		{8F3FE293-D9B1-4C72-BB96-155AF4A8910B}.LIB Debug - DLL OpenSSL - DLL LibSSH2|x86.ActiveCfg = Debug|Win32
		{8F3FE293-D9B1-4C72-BB96-155AF4A8910B}.LIB Debug - DLL OpenSSL - DLL LibSSH2|x86.Build.0 = Debug|Win32
		{8F3FE293-D9B1-4C72-BB96-155AF4A8910B}.LIB Debug - DLL OpenSSL|x64.ActiveCfg = Debug|x64
		{8F3FE293-D9B1-4C72-BB96-155AF4A8910B}.LIB Debug - DLL OpenSSL|x64.Build.0 = Debug|x64
		{8F3FE293-D9B1-4C72-BB96-155AF4A8910B}.LIB Debug - DLL OpenSSL|x86.ActiveCfg = Debug|Win32
		{8F3FE293-D9B1-4C72-BB96-155AF4A8910B}.LIB Debug - DLL OpenSSL|x86.Build.0 = Debug|Win32
		{8F3FE293-D9B1-4C72-BB96-155AF4A8910B}.LIB Debug - DLL Windows SSPI|x64.ActiveCfg = Debug|x64
		{8F3FE293-D9B1-4C72-BB96-155AF4A8910B}.LIB Debug - DLL Windows SSPI|x64.Build.0 = Debug|x64
		{8F3FE293-D9B1-4C72-BB96-155AF4A8910B}.LIB Debug - DLL Windows SSPI|x86.ActiveCfg = Debug|Win32
		{8F3FE293-D9B1-4C72-BB96-155AF4A8910B}.LIB Debug - DLL Windows SSPI|x86.Build.0 = Debug|Win32
		{8F3FE293-D9B1-4C72-BB96-155AF4A8910B}.LIB Debug - LIB OpenSSL - LIB LibSSH2|x64.ActiveCfg = Debug|x64
		{8F3FE293-D9B1-4C72-BB96-155AF4A8910B}.LIB Debug - LIB OpenSSL - LIB LibSSH2|x64.Build.0 = Debug|x64
		{8F3FE293-D9B1-4C72-BB96-155AF4A8910B}.LIB Debug - LIB OpenSSL - LIB LibSSH2|x86.ActiveCfg = Debug|Win32
		{8F3FE293-D9B1-4C72-BB96-155AF4A8910B}.LIB Debug - LIB OpenSSL - LIB LibSSH2|x86.Build.0 = Debug|Win32
		{8F3FE293-D9B1-4C72-BB96-155AF4A8910B}.LIB Debug - LIB OpenSSL|x64.ActiveCfg = Debug|x64
		{8F3FE293-D9B1-4C72-BB96-155AF4A8910B}.LIB Debug - LIB OpenSSL|x64.Build.0 = Debug|x64
		{8F3FE293-D9B1-4C72-BB96-155AF4A8910B}.LIB Debug - LIB OpenSSL|x86.ActiveCfg = Debug|Win32
		{8F3FE293-D9B1-4C72-BB96-155AF4A8910B}.LIB Debug - LIB OpenSSL|x86.Build.0 = Debug|Win32
		{8F3FE293-D9B1-4C72-BB96-155AF4A8910B}.LIB Debug|x64.ActiveCfg = Debug|x64
		{8F3FE293-D9B1-4C72-BB96-155AF4A8910B}.LIB Debug|x64.Build.0 = Debug|x64
		{8F3FE293-D9B1-4C72-BB96-155AF4A8910B}.LIB Debug|x86.ActiveCfg = Debug|Win32
		{8F3FE293-D9B1-4C72-BB96-155AF4A8910B}.LIB Debug|x86.Build.0 = Debug|Win32
		{8F3FE293-D9B1-4C72-BB96-155AF4A8910B}.LIB Release - DLL OpenSSL - DLL LibSSH2|x64.ActiveCfg = Release|x64
		{8F3FE293-D9B1-4C72-BB96-155AF4A8910B}.LIB Release - DLL OpenSSL - DLL LibSSH2|x64.Build.0 = Release|x64
		{8F3FE293-D9B1-4C72-BB96-155AF4A8910B}.LIB Release - DLL OpenSSL - DLL LibSSH2|x86.ActiveCfg = Release|Win32
		{8F3FE293-D9B1-4C72-BB96-155AF4A8910B}.LIB Release - DLL OpenSSL - DLL LibSSH2|x86.Build.0 = Release|Win32
		{8F3FE293-D9B1-4C72-BB96-155AF4A8910B}.LIB Release - DLL OpenSSL|x64.ActiveCfg = Release|x64
		{8F3FE293-D9B1-4C72-BB96-155AF4A8910B}.LIB Release - DLL OpenSSL|x64.Build.0 = Release|x64
		{8F3FE293-D9B1-4C72-BB96-155AF4A8910B}.LIB Release - DLL OpenSSL|x86.ActiveCfg = Release|Win32
		{8F3FE293-D9B1-4C72-BB96-155AF4A8910B}.LIB Release - DLL OpenSSL|x86.Build.0 = Release|Win32
		{8F3FE293-D9B1-4C72-BB96-155AF4A8910B}.LIB Release - DLL Windows SSPI|x64.ActiveCfg = Release|x64
		{8F3FE293-D9B1-4C72-BB96-155AF4A8910B}.LIB Release - DLL Windows SSPI|x64.Build.0 = Release|x64
		{8F3FE293-D9B1-4C72-BB96-155AF4A8910B}.LIB Release - DLL Windows SSPI|x86.ActiveCfg = Release|Win32
		{8F3FE293-D9B1-4C72-BB96-155AF4A8910B}.LIB Release - DLL Windows SSPI|x86.Build.0 = Release|Win32
		{8F3FE293-D9B1-4C72-BB96-155AF4A8910B}.LIB Release - LIB OpenSSL - LIB LibSSH2|x64.ActiveCfg = Release|x64
		{8F3FE293-D9B1-4C72-BB96-155AF4A8910B}.LIB Release - LIB OpenSSL - LIB LibSSH2|x64.Build.0 = Release|x64
		{8F3FE293-D9B1-4C72-BB96-155AF4A8910B}.LIB Release - LIB OpenSSL - LIB LibSSH2|x86.ActiveCfg = Release|Win32
		{8F3FE293-D9B1-4C72-BB96-155AF4A8910B}.LIB Release - LIB OpenSSL - LIB LibSSH2|x86.Build.0 = Release|Win32
		{8F3FE293-D9B1-4C72-BB96-155AF4A8910B}.LIB Release - LIB OpenSSL|x64.ActiveCfg = Release|x64
		{8F3FE293-D9B1-4C72-BB96-155AF4A8910B}.LIB Release - LIB OpenSSL|x64.Build.0 = Release|x64
		{8F3FE293-D9B1-4C72-BB96-155AF4A8910B}.LIB Release - LIB OpenSSL|x86.ActiveCfg = Release|Win32
		{8F3FE293-D9B1-4C72-BB96-155AF4A8910B}.LIB Release - LIB OpenSSL|x86.Build.0 = Release|Win32
		{8F3FE293-D9B1-4C72-BB96-155AF4A8910B}.LIB Release|x64.ActiveCfg = Release|x64
		{8F3FE293-D9B1-4C72-BB96-155AF4A8910B}.LIB Release|x64.Build.0 = Release|x64
		{8F3FE293-D9B1-4C72-BB96-155AF4A8910B}.LIB Release|x86.ActiveCfg = Release|Win32
		{8F3FE293-D9B1-4C72-BB96-155AF4A8910B}.LIB Release|x86.Build.0 = Release|Win32
		{8F3FE293-D9B1-4C72-BB96-155AF4A8910B}.Release_XP|x64.ActiveCfg = Release_XP|x64
		{8F3FE293-D9B1-4C72-BB96-155AF4A8910B}.Release_XP|x64.Build.0 = Release_XP|x64
		{8F3FE293-D9B1-4C72-BB96-155AF4A8910B}.Release_XP|x86.ActiveCfg = Release_XP|Win32
		{8F3FE293-D9B1-4C72-BB96-155AF4A8910B}.Release_XP|x86.Build.0 = Release_XP|Win32
		{8F3FE293-D9B1-4C72-BB96-155AF4A8910B}.Release|x64.ActiveCfg = Release|x64
		{8F3FE293-D9B1-4C72-BB96-155AF4A8910B}.Release|x64.Build.0 = Release|x64
		{8F3FE293-D9B1-4C72-BB96-155AF4A8910B}.Release|x86.ActiveCfg = Release|Win32
		{8F3FE293-D9B1-4C72-BB96-155AF4A8910B}.Release|x86.Build.0 = Release|Win32
		{17F9075F-67AC-4EAB-8181-C195A5D52696}.Debug_XP|x64.ActiveCfg = Debug_XP|Win32
		{17F9075F-67AC-4EAB-8181-C195A5D52696}.Debug_XP|x86.ActiveCfg = Debug_XP|Win32
		{17F9075F-67AC-4EAB-8181-C195A5D52696}.Debug_XP|x86.Build.0 = Debug_XP|Win32
		{17F9075F-67AC-4EAB-8181-C195A5D52696}.Debug|x64.ActiveCfg = Debug|Win32
		{17F9075F-67AC-4EAB-8181-C195A5D52696}.Debug|x86.ActiveCfg = Debug|Win32
		{17F9075F-67AC-4EAB-8181-C195A5D52696}.Debug|x86.Build.0 = Debug|Win32
		{17F9075F-67AC-4EAB-8181-C195A5D52696}.DLL Debug - DLL OpenSSL - DLL LibSSH2|x64.ActiveCfg = Debug_XP|Win32
		{17F9075F-67AC-4EAB-8181-C195A5D52696}.DLL Debug - DLL OpenSSL - DLL LibSSH2|x64.Build.0 = Debug_XP|Win32
		{17F9075F-67AC-4EAB-8181-C195A5D52696}.DLL Debug - DLL OpenSSL - DLL LibSSH2|x86.ActiveCfg = Debug|Win32
		{17F9075F-67AC-4EAB-8181-C195A5D52696}.DLL Debug - DLL OpenSSL - DLL LibSSH2|x86.Build.0 = Debug|Win32
		{17F9075F-67AC-4EAB-8181-C195A5D52696}.DLL Debug - DLL OpenSSL|x64.ActiveCfg = Debug_XP|Win32
		{17F9075F-67AC-4EAB-8181-C195A5D52696}.DLL Debug - DLL OpenSSL|x64.Build.0 = Debug_XP|Win32
		{17F9075F-67AC-4EAB-8181-C195A5D52696}.DLL Debug - DLL OpenSSL|x86.ActiveCfg = Debug|Win32
		{17F9075F-67AC-4EAB-8181-C195A5D52696}.DLL Debug - DLL OpenSSL|x86.Build.0 = Debug|Win32
		{17F9075F-67AC-4EAB-8181-C195A5D52696}.DLL Debug - DLL Windows SSPI|x64.ActiveCfg = Debug_XP|Win32
		{17F9075F-67AC-4EAB-8181-C195A5D52696}.DLL Debug - DLL Windows SSPI|x64.Build.0 = Debug_XP|Win32
		{17F9075F-67AC-4EAB-8181-C195A5D52696}.DLL Debug - DLL Windows SSPI|x86.ActiveCfg = Debug|Win32
		{17F9075F-67AC-4EAB-8181-C195A5D52696}.DLL Debug - DLL Windows SSPI|x86.Build.0 = Debug|Win32
		{17F9075F-67AC-4EAB-8181-C195A5D52696}.DLL Debug|x64.ActiveCfg = Debug_XP|Win32
		{17F9075F-67AC-4EAB-8181-C195A5D52696}.DLL Debug|x64.Build.0 = Debug_XP|Win32
		{17F9075F-67AC-4EAB-8181-C195A5D52696}.DLL Debug|x86.ActiveCfg = Debug|Win32
		{17F9075F-67AC-4EAB-8181-C195A5D52696}.DLL Debug|x86.Build.0 = Debug|Win32
		{17F9075F-67AC-4EAB-8181-C195A5D52696}.DLL Release - DLL OpenSSL - DLL LibSSH2|x64.ActiveCfg = Debug_XP|Win32
		{17F9075F-67AC-4EAB-8181-C195A5D52696}.DLL Release - DLL OpenSSL - DLL LibSSH2|x64.Build.0 = Debug_XP|Win32
		{17F9075F-67AC-4EAB-8181-C195A5D52696}.DLL Release - DLL OpenSSL - DLL LibSSH2|x86.ActiveCfg = Release|Win32
		{17F9075F-67AC-4EAB-8181-C195A5D52696}.DLL Release - DLL OpenSSL - DLL LibSSH2|x86.Build.0 = Release|Win32
		{17F9075F-67AC-4EAB-8181-C195A5D52696}.DLL Release - DLL OpenSSL|x64.ActiveCfg = Debug_XP|Win32
		{17F9075F-67AC-4EAB-8181-C195A5D52696}.DLL Release - DLL OpenSSL|x64.Build.0 = Debug_XP|Win32
		{17F9075F-67AC-4EAB-8181-C195A5D52696}.DLL Release - DLL OpenSSL|x86.ActiveCfg = Release|Win32
		{17F9075F-67AC-4EAB-8181-C195A5D52696}.DLL Release - DLL OpenSSL|x86.Build.0 = Release|Win32
		{17F9075F-67AC-4EAB-8181-C195A5D52696}.DLL Release - DLL Windows SSPI|x64.ActiveCfg = Debug_XP|Win32
		{17F9075F-67AC-4EAB-8181-C195A5D52696}.DLL Release - DLL Windows SSPI|x64.Build.0 = Debug_XP|Win32
		{17F9075F-67AC-4EAB-8181-C195A5D52696}.DLL Release - DLL Windows SSPI|x86.ActiveCfg = Release|Win32
		{17F9075F-67AC-4EAB-8181-C195A5D52696}.DLL Release - DLL Windows SSPI|x86.Build.0 = Release|Win32
		{17F9075F-67AC-4EAB-8181-C195A5D52696}.DLL Release|x64.ActiveCfg = Debug_XP|Win32
		{17F9075F-67AC-4EAB-8181-C195A5D52696}.DLL Release|x64.Build.0 = Debug_XP|Win32
		{17F9075F-67AC-4EAB-8181-C195A5D52696}.DLL Release|x86.ActiveCfg = Release|Win32
		{17F9075F-67AC-4EAB-8181-C195A5D52696}.DLL Release|x86.Build.0 = Release|Win32
		{17F9075F-67AC-4EAB-8181-C195A5D52696}.LIB Debug - DLL OpenSSL - DLL LibSSH2|x64.ActiveCfg = Debug_XP|Win32
		{17F9075F-67AC-4EAB-8181-C195A5D52696}.LIB Debug - DLL OpenSSL - DLL LibSSH2|x64.Build.0 = Debug_XP|Win32
		{17F9075F-67AC-4EAB-8181-C195A5D52696}.LIB Debug - DLL OpenSSL - DLL LibSSH2|x86.ActiveCfg = Debug|Win32
		{17F9075F-67AC-4EAB-8181-C195A5D52696}.LIB Debug - DLL OpenSSL - DLL LibSSH2|x86.Build.0 = Debug|Win32
		{17F9075F-67AC-4EAB-8181-C195A5D52696}.LIB Debug - DLL OpenSSL|x64.ActiveCfg = Debug_XP|Win32
		{17F9075F-67AC-4EAB-8181-C195A5D52696}.LIB Debug - DLL OpenSSL|x64.Build.0 = Debug_XP|Win32
		{17F9075F-67AC-4EAB-8181-C195A5D52696}.LIB Debug - DLL OpenSSL|x86.ActiveCfg = Debug|Win32
		{17F9075F-67AC-4EAB-8181-C195A5D52696}.LIB Debug - DLL OpenSSL|x86.Build.0 = Debug|Win32
		{17F9075F-67AC-4EAB-8181-C195A5D52696}.LIB Debug - DLL Windows SSPI|x64.ActiveCfg = Debug_XP|Win32
		{17F9075F-67AC-4EAB-8181-C195A5D52696}.LIB Debug - DLL Windows SSPI|x64.Build.0 = Debug_XP|Win32
		{17F9075F-67AC-4EAB-8181-C195A5D52696}.LIB Debug - DLL Windows SSPI|x86.ActiveCfg = Debug|Win32
		{17F9075F-67AC-4EAB-8181-C195A5D52696}.LIB Debug - DLL Windows SSPI|x86.Build.0 = Debug|Win32
		{17F9075F-67AC-4EAB-8181-C195A5D52696}.LIB Debug - LIB OpenSSL - LIB LibSSH2|x64.ActiveCfg = Debug_XP|Win32
		{17F9075F-67AC-4EAB-8181-C195A5D52696}.LIB Debug - LIB OpenSSL - LIB LibSSH2|x64.Build.0 = Debug_XP|Win32
		{17F9075F-67AC-4EAB-8181-C195A5D52696}.LIB Debug - LIB OpenSSL - LIB LibSSH2|x86.ActiveCfg = Debug|Win32
		{17F9075F-67AC-4EAB-8181-C195A5D52696}.LIB Debug - LIB OpenSSL - LIB LibSSH2|x86.Build.0 = Debug|Win32
		{17F9075F-67AC-4EAB-8181-C195A5D52696}.LIB Debug - LIB OpenSSL|x64.ActiveCfg = Debug_XP|Win32
		{17F9075F-67AC-4EAB-8181-C195A5D52696}.LIB Debug - LIB OpenSSL|x64.Build.0 = Debug_XP|Win32
		{17F9075F-67AC-4EAB-8181-C195A5D52696}.LIB Debug - LIB OpenSSL|x86.ActiveCfg = Debug|Win32
		{17F9075F-67AC-4EAB-8181-C195A5D52696}.LIB Debug - LIB OpenSSL|x86.Build.0 = Debug|Win32
		{17F9075F-67AC-4EAB-8181-C195A5D52696}.LIB Debug|x64.ActiveCfg = Debug_XP|Win32
		{17F9075F-67AC-4EAB-8181-C195A5D52696}.LIB Debug|x64.Build.0 = Debug_XP|Win32
		{17F9075F-67AC-4EAB-8181-C195A5D52696}.LIB Debug|x86.ActiveCfg = Debug|Win32
		{17F9075F-67AC-4EAB-8181-C195A5D52696}.LIB Debug|x86.Build.0 = Debug|Win32
		{17F9075F-67AC-4EAB-8181-C195A5D52696}.LIB Release - DLL OpenSSL - DLL LibSSH2|x64.ActiveCfg = Debug_XP|Win32
		{17F9075F-67AC-4EAB-8181-C195A5D52696}.LIB Release - DLL OpenSSL - DLL LibSSH2|x64.Build.0 = Debug_XP|Win32
		{17F9075F-67AC-4EAB-8181-C195A5D52696}.LIB Release - DLL OpenSSL - DLL LibSSH2|x86.ActiveCfg = Release|Win32
		{17F9075F-67AC-4EAB-8181-C195A5D52696}.LIB Release - DLL OpenSSL - DLL LibSSH2|x86.Build.0 = Release|Win32
		{17F9075F-67AC-4EAB-8181-C195A5D52696}.LIB Release - DLL OpenSSL|x64.ActiveCfg = Debug_XP|Win32
		{17F9075F-67AC-4EAB-8181-C195A5D52696}.LIB Release - DLL OpenSSL|x64.Build.0 = Debug_XP|Win32
		{17F9075F-67AC-4EAB-8181-C195A5D52696}.LIB Release - DLL OpenSSL|x86.ActiveCfg = Release|Win32
		{17F9075F-67AC-4EAB-8181-C195A5D52696}.LIB Release - DLL OpenSSL|x86.Build.0 = Release|Win32
		{17F9075F-67AC-4EAB-8181-C195A5D52696}.LIB Release - DLL Windows SSPI|x64.ActiveCfg = Debug_XP|Win32
		{17F9075F-67AC-4EAB-8181-C195A5D52696}.LIB Release - DLL Windows SSPI|x64.Build.0 = Debug_XP|Win32
		{17F9075F-67AC-4EAB-8181-C195A5D52696}.LIB Release - DLL Windows SSPI|x86.ActiveCfg = Release|Win32
		{17F9075F-67AC-4EAB-8181-C195A5D52696}.LIB Release - DLL Windows SSPI|x86.Build.0 = Release|Win32
		{17F9075F-67AC-4EAB-8181-C195A5D52696}.LIB Release - LIB OpenSSL - LIB LibSSH2|x64.ActiveCfg = Debug_XP|Win32
		{17F9075F-67AC-4EAB-8181-C195A5D52696}.LIB Release - LIB OpenSSL - LIB LibSSH2|x64.Build.0 = Debug_XP|Win32
		{17F9075F-67AC-4EAB-8181-C195A5D52696}.LIB Release - LIB OpenSSL - LIB LibSSH2|x86.ActiveCfg = Release|Win32
		{17F9075F-67AC-4EAB-8181-C195A5D52696}.LIB Release - LIB OpenSSL - LIB LibSSH2|x86.Build.0 = Release|Win32
		{17F9075F-67AC-4EAB-8181-C195A5D52696}.LIB Release - LIB OpenSSL|x64.ActiveCfg = Debug_XP|Win32
		{17F9075F-67AC-4EAB-8181-C195A5D52696}.LIB Release - LIB OpenSSL|x64.Build.0 = Debug_XP|Win32
		{17F9075F-67AC-4EAB-8181-C195A5D52696}.LIB Release - LIB OpenSSL|x86.ActiveCfg = Release|Win32
		{17F9075F-67AC-4EAB-8181-C195A5D52696}.LIB Release - LIB OpenSSL|x86.Build.0 = Release|Win32
		{17F9075F-67AC-4EAB-8181-C195A5D52696}.LIB Release|x64.ActiveCfg = Debug_XP|Win32
		{17F9075F-67AC-4EAB-8181-C195A5D52696}.LIB Release|x64.Build.0 = Debug_XP|Win32
		{17F9075F-67AC-4EAB-8181-C195A5D52696}.LIB Release|x86.ActiveCfg = Release|Win32
		{17F9075F-67AC-4EAB-8181-C195A5D52696}.LIB Release|x86.Build.0 = Release|Win32
		{17F9075F-67AC-4EAB-8181-C195A5D52696}.Release_XP|x64.ActiveCfg = Release_XP|Win32
		{17F9075F-67AC-4EAB-8181-C195A5D52696}.Release_XP|x86.ActiveCfg = Release_XP|Win32
		{17F9075F-67AC-4EAB-8181-C195A5D52696}.Release_XP|x86.Build.0 = Release_XP|Win32
		{17F9075F-67AC-4EAB-8181-C195A5D52696}.Release|x64.ActiveCfg = Release|Win32
		{17F9075F-67AC-4EAB-8181-C195A5D52696}.Release|x86.ActiveCfg = Release|Win32
		{17F9075F-67AC-4EAB-8181-C195A5D52696}.Release|x86.Build.0 = Release|Win32
		{3AD8CC48-9221-480A-9B11-FAA7A54FC340}.Debug_XP|x64.ActiveCfg = Debug_XP|x64
		{3AD8CC48-9221-480A-9B11-FAA7A54FC340}.Debug_XP|x64.Build.0 = Debug_XP|x64
		{3AD8CC48-9221-480A-9B11-FAA7A54FC340}.Debug_XP|x86.ActiveCfg = Debug_XP|Win32
		{3AD8CC48-9221-480A-9B11-FAA7A54FC340}.Debug_XP|x86.Build.0 = Debug_XP|Win32
		{3AD8CC48-9221-480A-9B11-FAA7A54FC340}.Debug|x64.ActiveCfg = Debug|x64
		{3AD8CC48-9221-480A-9B11-FAA7A54FC340}.Debug|x64.Build.0 = Debug|x64
		{3AD8CC48-9221-480A-9B11-FAA7A54FC340}.Debug|x86.ActiveCfg = Debug|Win32
		{3AD8CC48-9221-480A-9B11-FAA7A54FC340}.Debug|x86.Build.0 = Debug|Win32
		{3AD8CC48-9221-480A-9B11-FAA7A54FC340}.DLL Debug - DLL OpenSSL - DLL LibSSH2|x64.ActiveCfg = Debug|x64
		{3AD8CC48-9221-480A-9B11-FAA7A54FC340}.DLL Debug - DLL OpenSSL - DLL LibSSH2|x64.Build.0 = Debug|x64
		{3AD8CC48-9221-480A-9B11-FAA7A54FC340}.DLL Debug - DLL OpenSSL - DLL LibSSH2|x86.ActiveCfg = Debug|Win32
		{3AD8CC48-9221-480A-9B11-FAA7A54FC340}.DLL Debug - DLL OpenSSL - DLL LibSSH2|x86.Build.0 = Debug|Win32
		{3AD8CC48-9221-480A-9B11-FAA7A54FC340}.DLL Debug - DLL OpenSSL|x64.ActiveCfg = Debug|x64
		{3AD8CC48-9221-480A-9B11-FAA7A54FC340}.DLL Debug - DLL OpenSSL|x64.Build.0 = Debug|x64
		{3AD8CC48-9221-480A-9B11-FAA7A54FC340}.DLL Debug - DLL OpenSSL|x86.ActiveCfg = Debug|Win32
		{3AD8CC48-9221-480A-9B11-FAA7A54FC340}.DLL Debug - DLL OpenSSL|x86.Build.0 = Debug|Win32
		{3AD8CC48-9221-480A-9B11-FAA7A54FC340}.DLL Debug - DLL Windows SSPI|x64.ActiveCfg = Debug|x64
		{3AD8CC48-9221-480A-9B11-FAA7A54FC340}.DLL Debug - DLL Windows SSPI|x64.Build.0 = Debug|x64
		{3AD8CC48-9221-480A-9B11-FAA7A54FC340}.DLL Debug - DLL Windows SSPI|x86.ActiveCfg = Debug|Win32
		{3AD8CC48-9221-480A-9B11-FAA7A54FC340}.DLL Debug - DLL Windows SSPI|x86.Build.0 = Debug|Win32
		{3AD8CC48-9221-480A-9B11-FAA7A54FC340}.DLL Debug|x64.ActiveCfg = Debug|x64
		{3AD8CC48-9221-480A-9B11-FAA7A54FC340}.DLL Debug|x64.Build.0 = Debug|x64
		{3AD8CC48-9221-480A-9B11-FAA7A54FC340}.DLL Debug|x86.ActiveCfg = Debug|Win32
		{3AD8CC48-9221-480A-9B11-FAA7A54FC340}.DLL Debug|x86.Build.0 = Debug|Win32
		{3AD8CC48-9221-480A-9B11-FAA7A54FC340}.DLL Release - DLL OpenSSL - DLL LibSSH2|x64.ActiveCfg = Release|x64
		{3AD8CC48-9221-480A-9B11-FAA7A54FC340}.DLL Release - DLL OpenSSL - DLL LibSSH2|x64.Build.0 = Release|x64
		{3AD8CC48-9221-480A-9B11-FAA7A54FC340}.DLL Release - DLL OpenSSL - DLL LibSSH2|x86.ActiveCfg = Release|Win32
		{3AD8CC48-9221-480A-9B11-FAA7A54FC340}.DLL Release - DLL OpenSSL - DLL LibSSH2|x86.Build.0 = Release|Win32
		{3AD8CC48-9221-480A-9B11-FAA7A54FC340}.DLL Release - DLL OpenSSL|x64.ActiveCfg = Release|x64
		{3AD8CC48-9221-480A-9B11-FAA7A54FC340}.DLL Release - DLL OpenSSL|x64.Build.0 = Release|x64
		{3AD8CC48-9221-480A-9B11-FAA7A54FC340}.DLL Release - DLL OpenSSL|x86.ActiveCfg = Release|Win32
		{3AD8CC48-9221-480A-9B11-FAA7A54FC340}.DLL Release - DLL OpenSSL|x86.Build.0 = Release|Win32
		{3AD8CC48-9221-480A-9B11-FAA7A54FC340}.DLL Release - DLL Windows SSPI|x64.ActiveCfg = Release|x64
		{3AD8CC48-9221-480A-9B11-FAA7A54FC340}.DLL Release - DLL Windows SSPI|x64.Build.0 = Release|x64
		{3AD8CC48-9221-480A-9B11-FAA7A54FC340}.DLL Release - DLL Windows SSPI|x86.ActiveCfg = Release|Win32
		{3AD8CC48-9221-480A-9B11-FAA7A54FC340}.DLL Release - DLL Windows SSPI|x86.Build.0 = Release|Win32
		{3AD8CC48-9221-480A-9B11-FAA7A54FC340}.DLL Release|x64.ActiveCfg = Release|x64
		{3AD8CC48-9221-480A-9B11-FAA7A54FC340}.DLL Release|x64.Build.0 = Release|x64
		{3AD8CC48-9221-480A-9B11-FAA7A54FC340}.DLL Release|x86.ActiveCfg = Release|Win32
		{3AD8CC48-9221-480A-9B11-FAA7A54FC340}.DLL Release|x86.Build.0 = Release|Win32
		{3AD8CC48-9221-480A-9B11-FAA7A54FC340}.LIB Debug - DLL OpenSSL - DLL LibSSH2|x64.ActiveCfg = Debug|x64
		{3AD8CC48-9221-480A-9B11-FAA7A54FC340}.LIB Debug - DLL OpenSSL - DLL LibSSH2|x64.Build.0 = Debug|x64
		{3AD8CC48-9221-480A-9B11-FAA7A54FC340}.LIB Debug - DLL OpenSSL - DLL LibSSH2|x86.ActiveCfg = Debug|Win32
		{3AD8CC48-9221-480A-9B11-FAA7A54FC340}.LIB Debug - DLL OpenSSL - DLL LibSSH2|x86.Build.0 = Debug|Win32
		{3AD8CC48-9221-480A-9B11-FAA7A54FC340}.LIB Debug - DLL OpenSSL|x64.ActiveCfg = Debug|x64
		{3AD8CC48-9221-480A-9B11-FAA7A54FC340}.LIB Debug - DLL OpenSSL|x64.Build.0 = Debug|x64
		{3AD8CC48-9221-480A-9B11-FAA7A54FC340}.LIB Debug - DLL OpenSSL|x86.ActiveCfg = Debug|Win32
		{3AD8CC48-9221-480A-9B11-FAA7A54FC340}.LIB Debug - DLL OpenSSL|x86.Build.0 = Debug|Win32
		{3AD8CC48-9221-480A-9B11-FAA7A54FC340}.LIB Debug - DLL Windows SSPI|x64.ActiveCfg = Debug|x64
		{3AD8CC48-9221-480A-9B11-FAA7A54FC340}.LIB Debug - DLL Windows SSPI|x64.Build.0 = Debug|x64
		{3AD8CC48-9221-480A-9B11-FAA7A54FC340}.LIB Debug - DLL Windows SSPI|x86.ActiveCfg = Debug|Win32
		{3AD8CC48-9221-480A-9B11-FAA7A54FC340}.LIB Debug - DLL Windows SSPI|x86.Build.0 = Debug|Win32
		{3AD8CC48-9221-480A-9B11-FAA7A54FC340}.LIB Debug - LIB OpenSSL - LIB LibSSH2|x64.ActiveCfg = Debug|x64
		{3AD8CC48-9221-480A-9B11-FAA7A54FC340}.LIB Debug - LIB OpenSSL - LIB LibSSH2|x64.Build.0 = Debug|x64
		{3AD8CC48-9221-480A-9B11-FAA7A54FC340}.LIB Debug - LIB OpenSSL - LIB LibSSH2|x86.ActiveCfg = Debug|Win32
		{3AD8CC48-9221-480A-9B11-FAA7A54FC340}.LIB Debug - LIB OpenSSL - LIB LibSSH2|x86.Build.0 = Debug|Win32
		{3AD8CC48-9221-480A-9B11-FAA7A54FC340}.LIB Debug - LIB OpenSSL|x64.ActiveCfg = Debug|x64
		{3AD8CC48-9221-480A-9B11-FAA7A54FC340}.LIB Debug - LIB OpenSSL|x64.Build.0 = Debug|x64
		{3AD8CC48-9221-480A-9B11-FAA7A54FC340}.LIB Debug - LIB OpenSSL|x86.ActiveCfg = Debug|Win32
		{3AD8CC48-9221-480A-9B11-FAA7A54FC340}.LIB Debug - LIB OpenSSL|x86.Build.0 = Debug|Win32
		{3AD8CC48-9221-480A-9B11-FAA7A54FC340}.LIB Debug|x64.ActiveCfg = Debug|x64
		{3AD8CC48-9221-480A-9B11-FAA7A54FC340}.LIB Debug|x64.Build.0 = Debug|x64
		{3AD8CC48-9221-480A-9B11-FAA7A54FC340}.LIB Debug|x86.ActiveCfg = Debug|Win32
		{3AD8CC48-9221-480A-9B11-FAA7A54FC340}.LIB Debug|x86.Build.0 = Debug|Win32
		{3AD8CC48-9221-480A-9B11-FAA7A54FC340}.LIB Release - DLL OpenSSL - DLL LibSSH2|x64.ActiveCfg = Release|x64
		{3AD8CC48-9221-480A-9B11-FAA7A54FC340}.LIB Release - DLL OpenSSL - DLL LibSSH2|x64.Build.0 = Release|x64
		{3AD8CC48-9221-480A-9B11-FAA7A54FC340}.LIB Release - DLL OpenSSL - DLL LibSSH2|x86.ActiveCfg = Release|Win32
		{3AD8CC48-9221-480A-9B11-FAA7A54FC340}.LIB Release - DLL OpenSSL - DLL LibSSH2|x86.Build.0 = Release|Win32
		{3AD8CC48-9221-480A-9B11-FAA7A54FC340}.LIB Release - DLL OpenSSL|x64.ActiveCfg = Release|x64
		{3AD8CC48-9221-480A-9B11-FAA7A54FC340}.LIB Release - DLL OpenSSL|x64.Build.0 = Release|x64
		{3AD8CC48-9221-480A-9B11-FAA7A54FC340}.LIB Release - DLL OpenSSL|x86.ActiveCfg = Release|Win32
		{3AD8CC48-9221-480A-9B11-FAA7A54FC340}.LIB Release - DLL OpenSSL|x86.Build.0 = Release|Win32
		{3AD8CC48-9221-480A-9B11-FAA7A54FC340}.LIB Release - DLL Windows SSPI|x64.ActiveCfg = Release|x64
		{3AD8CC48-9221-480A-9B11-FAA7A54FC340}.LIB Release - DLL Windows SSPI|x64.Build.0 = Release|x64
		{3AD8CC48-9221-480A-9B11-FAA7A54FC340}.LIB Release - DLL Windows SSPI|x86.ActiveCfg = Release|Win32
		{3AD8CC48-9221-480A-9B11-FAA7A54FC340}.LIB Release - DLL Windows SSPI|x86.Build.0 = Release|Win32
		{3AD8CC48-9221-480A-9B11-FAA7A54FC340}.LIB Release - LIB OpenSSL - LIB LibSSH2|x64.ActiveCfg = Release|x64
		{3AD8CC48-9221-480A-9B11-FAA7A54FC340}.LIB Release - LIB OpenSSL - LIB LibSSH2|x64.Build.0 = Release|x64
		{3AD8CC48-9221-480A-9B11-FAA7A54FC340}.LIB Release - LIB OpenSSL - LIB LibSSH2|x86.ActiveCfg = Release|Win32
		{3AD8CC48-9221-480A-9B11-FAA7A54FC340}.LIB Release - LIB OpenSSL - LIB LibSSH2|x86.Build.0 = Release|Win32
		{3AD8CC48-9221-480A-9B11-FAA7A54FC340}.LIB Release - LIB OpenSSL|x64.ActiveCfg = Release|x64
		{3AD8CC48-9221-480A-9B11-FAA7A54FC340}.LIB Release - LIB OpenSSL|x64.Build.0 = Release|x64
		{3AD8CC48-9221-480A-9B11-FAA7A54FC340}.LIB Release - LIB OpenSSL|x86.ActiveCfg = Release|Win32
		{3AD8CC48-9221-480A-9B11-FAA7A54FC340}.LIB Release - LIB OpenSSL|x86.Build.0 = Release|Win32
		{3AD8CC48-9221-480A-9B11-FAA7A54FC340}.LIB Release|x64.ActiveCfg = Release|x64
		{3AD8CC48-9221-480A-9B11-FAA7A54FC340}.LIB Release|x64.Build.0 = Release|x64
		{3AD8CC48-9221-480A-9B11-FAA7A54FC340}.LIB Release|x86.ActiveCfg = Release|Win32
		{3AD8CC48-9221-480A-9B11-FAA7A54FC340}.LIB Release|x86.Build.0 = Release|Win32
		{3AD8CC48-9221-480A-9B11-FAA7A54FC340}.Release_XP|x64.ActiveCfg = Release_XP|x64
		{3AD8CC48-9221-480A-9B11-FAA7A54FC340}.Release_XP|x64.Build.0 = Release_XP|x64
		{3AD8CC48-9221-480A-9B11-FAA7A54FC340}.Release_XP|x86.ActiveCfg = Release_XP|Win32
		{3AD8CC48-9221-480A-9B11-FAA7A54FC340}.Release_XP|x86.Build.0 = Release_XP|Win32
		{3AD8CC48-9221-480A-9B11-FAA7A54FC340}.Release|x64.ActiveCfg = Release|x64
		{3AD8CC48-9221-480A-9B11-FAA7A54FC340}.Release|x64.Build.0 = Release|x64
		{3AD8CC48-9221-480A-9B11-FAA7A54FC340}.Release|x86.ActiveCfg = Release|Win32
		{3AD8CC48-9221-480A-9B11-FAA7A54FC340}.Release|x86.Build.0 = Release|Win32
		{DA6F56B4-06A4-441D-AD70-AC5A7D51FADB}.Debug_XP|x64.ActiveCfg = Debug_XP|x64
		{DA6F56B4-06A4-441D-AD70-AC5A7D51FADB}.Debug_XP|x64.Build.0 = Debug_XP|x64
		{DA6F56B4-06A4-441D-AD70-AC5A7D51FADB}.Debug_XP|x86.ActiveCfg = Debug_XP|Win32
		{DA6F56B4-06A4-441D-AD70-AC5A7D51FADB}.Debug_XP|x86.Build.0 = Debug_XP|Win32
		{DA6F56B4-06A4-441D-AD70-AC5A7D51FADB}.Debug|x64.ActiveCfg = Debug_XP|x64
		{DA6F56B4-06A4-441D-AD70-AC5A7D51FADB}.Debug|x64.Build.0 = Debug_XP|x64
		{DA6F56B4-06A4-441D-AD70-AC5A7D51FADB}.Debug|x86.ActiveCfg = LIB Debug - DLL Windows SSPI|Win32
		{DA6F56B4-06A4-441D-AD70-AC5A7D51FADB}.Debug|x86.Build.0 = LIB Debug - DLL Windows SSPI|Win32
		{DA6F56B4-06A4-441D-AD70-AC5A7D51FADB}.DLL Debug - DLL OpenSSL - DLL LibSSH2|x64.ActiveCfg = DLL Debug - DLL OpenSSL - DLL LibSSH2|x64
		{DA6F56B4-06A4-441D-AD70-AC5A7D51FADB}.DLL Debug - DLL OpenSSL - DLL LibSSH2|x64.Build.0 = DLL Debug - DLL OpenSSL - DLL LibSSH2|x64
		{DA6F56B4-06A4-441D-AD70-AC5A7D51FADB}.DLL Debug - DLL OpenSSL - DLL LibSSH2|x86.ActiveCfg = DLL Debug - DLL OpenSSL - DLL LibSSH2|Win32
		{DA6F56B4-06A4-441D-AD70-AC5A7D51FADB}.DLL Debug - DLL OpenSSL - DLL LibSSH2|x86.Build.0 = DLL Debug - DLL OpenSSL - DLL LibSSH2|Win32
		{DA6F56B4-06A4-441D-AD70-AC5A7D51FADB}.DLL Debug - DLL OpenSSL|x64.ActiveCfg = DLL Debug - DLL OpenSSL|x64
		{DA6F56B4-06A4-441D-AD70-AC5A7D51FADB}.DLL Debug - DLL OpenSSL|x64.Build.0 = DLL Debug - DLL OpenSSL|x64
		{DA6F56B4-06A4-441D-AD70-AC5A7D51FADB}.DLL Debug - DLL OpenSSL|x86.ActiveCfg = DLL Debug - DLL OpenSSL|Win32
		{DA6F56B4-06A4-441D-AD70-AC5A7D51FADB}.DLL Debug - DLL OpenSSL|x86.Build.0 = DLL Debug - DLL OpenSSL|Win32
		{DA6F56B4-06A4-441D-AD70-AC5A7D51FADB}.DLL Debug - DLL Windows SSPI|x64.ActiveCfg = DLL Debug - DLL Windows SSPI|x64
		{DA6F56B4-06A4-441D-AD70-AC5A7D51FADB}.DLL Debug - DLL Windows SSPI|x64.Build.0 = DLL Debug - DLL Windows SSPI|x64
		{DA6F56B4-06A4-441D-AD70-AC5A7D51FADB}.DLL Debug - DLL Windows SSPI|x86.ActiveCfg = DLL Debug - DLL Windows SSPI|Win32
		{DA6F56B4-06A4-441D-AD70-AC5A7D51FADB}.DLL Debug - DLL Windows SSPI|x86.Build.0 = DLL Debug - DLL Windows SSPI|Win32
		{DA6F56B4-06A4-441D-AD70-AC5A7D51FADB}.DLL Debug|x64.ActiveCfg = DLL Debug|x64
		{DA6F56B4-06A4-441D-AD70-AC5A7D51FADB}.DLL Debug|x64.Build.0 = DLL Debug|x64
		{DA6F56B4-06A4-441D-AD70-AC5A7D51FADB}.DLL Debug|x86.ActiveCfg = DLL Debug|Win32
		{DA6F56B4-06A4-441D-AD70-AC5A7D51FADB}.DLL Debug|x86.Build.0 = DLL Debug|Win32
		{DA6F56B4-06A4-441D-AD70-AC5A7D51FADB}.DLL Release - DLL OpenSSL - DLL LibSSH2|x64.ActiveCfg = DLL Release - DLL OpenSSL - DLL LibSSH2|x64
		{DA6F56B4-06A4-441D-AD70-AC5A7D51FADB}.DLL Release - DLL OpenSSL - DLL LibSSH2|x64.Build.0 = DLL Release - DLL OpenSSL - DLL LibSSH2|x64
		{DA6F56B4-06A4-441D-AD70-AC5A7D51FADB}.DLL Release - DLL OpenSSL - DLL LibSSH2|x86.ActiveCfg = DLL Release - DLL OpenSSL - DLL LibSSH2|Win32
		{DA6F56B4-06A4-441D-AD70-AC5A7D51FADB}.DLL Release - DLL OpenSSL - DLL LibSSH2|x86.Build.0 = DLL Release - DLL OpenSSL - DLL LibSSH2|Win32
		{DA6F56B4-06A4-441D-AD70-AC5A7D51FADB}.DLL Release - DLL OpenSSL|x64.ActiveCfg = DLL Release - DLL OpenSSL|x64
		{DA6F56B4-06A4-441D-AD70-AC5A7D51FADB}.DLL Release - DLL OpenSSL|x64.Build.0 = DLL Release - DLL OpenSSL|x64
		{DA6F56B4-06A4-441D-AD70-AC5A7D51FADB}.DLL Release - DLL OpenSSL|x86.ActiveCfg = DLL Release - DLL OpenSSL|Win32
		{DA6F56B4-06A4-441D-AD70-AC5A7D51FADB}.DLL Release - DLL OpenSSL|x86.Build.0 = DLL Release - DLL OpenSSL|Win32
		{DA6F56B4-06A4-441D-AD70-AC5A7D51FADB}.DLL Release - DLL Windows SSPI|x64.ActiveCfg = DLL Release - DLL Windows SSPI|x64
		{DA6F56B4-06A4-441D-AD70-AC5A7D51FADB}.DLL Release - DLL Windows SSPI|x64.Build.0 = DLL Release - DLL Windows SSPI|x64
		{DA6F56B4-06A4-441D-AD70-AC5A7D51FADB}.DLL Release - DLL Windows SSPI|x86.ActiveCfg = DLL Release - DLL Windows SSPI|Win32
		{DA6F56B4-06A4-441D-AD70-AC5A7D51FADB}.DLL Release - DLL Windows SSPI|x86.Build.0 = DLL Release - DLL Windows SSPI|Win32
		{DA6F56B4-06A4-441D-AD70-AC5A7D51FADB}.DLL Release|x64.ActiveCfg = DLL Release|x64
		{DA6F56B4-06A4-441D-AD70-AC5A7D51FADB}.DLL Release|x64.Build.0 = DLL Release|x64
		{DA6F56B4-06A4-441D-AD70-AC5A7D51FADB}.DLL Release|x86.ActiveCfg = DLL Release|Win32
		{DA6F56B4-06A4-441D-AD70-AC5A7D51FADB}.DLL Release|x86.Build.0 = DLL Release|Win32
		{DA6F56B4-06A4-441D-AD70-AC5A7D51FADB}.LIB Debug - DLL OpenSSL - DLL LibSSH2|x64.ActiveCfg = LIB Debug - DLL OpenSSL - DLL LibSSH2|x64
		{DA6F56B4-06A4-441D-AD70-AC5A7D51FADB}.LIB Debug - DLL OpenSSL - DLL LibSSH2|x64.Build.0 = LIB Debug - DLL OpenSSL - DLL LibSSH2|x64
		{DA6F56B4-06A4-441D-AD70-AC5A7D51FADB}.LIB Debug - DLL OpenSSL - DLL LibSSH2|x86.ActiveCfg = LIB Debug - DLL OpenSSL - DLL LibSSH2|Win32
		{DA6F56B4-06A4-441D-AD70-AC5A7D51FADB}.LIB Debug - DLL OpenSSL - DLL LibSSH2|x86.Build.0 = LIB Debug - DLL OpenSSL - DLL LibSSH2|Win32
		{DA6F56B4-06A4-441D-AD70-AC5A7D51FADB}.LIB Debug - DLL OpenSSL|x64.ActiveCfg = LIB Debug - DLL OpenSSL|x64
		{DA6F56B4-06A4-441D-AD70-AC5A7D51FADB}.LIB Debug - DLL OpenSSL|x64.Build.0 = LIB Debug - DLL OpenSSL|x64
		{DA6F56B4-06A4-441D-AD70-AC5A7D51FADB}.LIB Debug - DLL OpenSSL|x86.ActiveCfg = LIB Debug - DLL OpenSSL|Win32
		{DA6F56B4-06A4-441D-AD70-AC5A7D51FADB}.LIB Debug - DLL OpenSSL|x86.Build.0 = LIB Debug - DLL OpenSSL|Win32
		{DA6F56B4-06A4-441D-AD70-AC5A7D51FADB}.LIB Debug - DLL Windows SSPI|x64.ActiveCfg = LIB Debug - DLL Windows SSPI|x64
		{DA6F56B4-06A4-441D-AD70-AC5A7D51FADB}.LIB Debug - DLL Windows SSPI|x64.Build.0 = LIB Debug - DLL Windows SSPI|x64
		{DA6F56B4-06A4-441D-AD70-AC5A7D51FADB}.LIB Debug - DLL Windows SSPI|x86.ActiveCfg = LIB Debug - DLL Windows SSPI|Win32
		{DA6F56B4-06A4-441D-AD70-AC5A7D51FADB}.LIB Debug - DLL Windows SSPI|x86.Build.0 = LIB Debug - DLL Windows SSPI|Win32
		{DA6F56B4-06A4-441D-AD70-AC5A7D51FADB}.LIB Debug - LIB OpenSSL - LIB LibSSH2|x64.ActiveCfg = LIB Debug - LIB OpenSSL - LIB LibSSH2|x64
		{DA6F56B4-06A4-441D-AD70-AC5A7D51FADB}.LIB Debug - LIB OpenSSL - LIB LibSSH2|x64.Build.0 = LIB Debug - LIB OpenSSL - LIB LibSSH2|x64
		{DA6F56B4-06A4-441D-AD70-AC5A7D51FADB}.LIB Debug - LIB OpenSSL - LIB LibSSH2|x86.ActiveCfg = LIB Debug - LIB OpenSSL - LIB LibSSH2|Win32
		{DA6F56B4-06A4-441D-AD70-AC5A7D51FADB}.LIB Debug - LIB OpenSSL - LIB LibSSH2|x86.Build.0 = LIB Debug - LIB OpenSSL - LIB LibSSH2|Win32
		{DA6F56B4-06A4-441D-AD70-AC5A7D51FADB}.LIB Debug - LIB OpenSSL|x64.ActiveCfg = LIB Debug - LIB OpenSSL|x64
		{DA6F56B4-06A4-441D-AD70-AC5A7D51FADB}.LIB Debug - LIB OpenSSL|x64.Build.0 = LIB Debug - LIB OpenSSL|x64
		{DA6F56B4-06A4-441D-AD70-AC5A7D51FADB}.LIB Debug - LIB OpenSSL|x86.ActiveCfg = LIB Debug - LIB OpenSSL|Win32
		{DA6F56B4-06A4-441D-AD70-AC5A7D51FADB}.LIB Debug - LIB OpenSSL|x86.Build.0 = LIB Debug - LIB OpenSSL|Win32
		{DA6F56B4-06A4-441D-AD70-AC5A7D51FADB}.LIB Debug|x64.ActiveCfg = LIB Debug|x64
		{DA6F56B4-06A4-441D-AD70-AC5A7D51FADB}.LIB Debug|x64.Build.0 = LIB Debug|x64
		{DA6F56B4-06A4-441D-AD70-AC5A7D51FADB}.LIB Debug|x86.ActiveCfg = LIB Debug|Win32
		{DA6F56B4-06A4-441D-AD70-AC5A7D51FADB}.LIB Debug|x86.Build.0 = LIB Debug|Win32
		{DA6F56B4-06A4-441D-AD70-AC5A7D51FADB}.LIB Release - DLL OpenSSL - DLL LibSSH2|x64.ActiveCfg = LIB Release - DLL OpenSSL - DLL LibSSH2|x64
		{DA6F56B4-06A4-441D-AD70-AC5A7D51FADB}.LIB Release - DLL OpenSSL - DLL LibSSH2|x64.Build.0 = LIB Release - DLL OpenSSL - DLL LibSSH2|x64
		{DA6F56B4-06A4-441D-AD70-AC5A7D51FADB}.LIB Release - DLL OpenSSL - DLL LibSSH2|x86.ActiveCfg = LIB Release - DLL OpenSSL - DLL LibSSH2|Win32
		{DA6F56B4-06A4-441D-AD70-AC5A7D51FADB}.LIB Release - DLL OpenSSL - DLL LibSSH2|x86.Build.0 = LIB Release - DLL OpenSSL - DLL LibSSH2|Win32
		{DA6F56B4-06A4-441D-AD70-AC5A7D51FADB}.LIB Release - DLL OpenSSL|x64.ActiveCfg = LIB Release - DLL OpenSSL|x64
		{DA6F56B4-06A4-441D-AD70-AC5A7D51FADB}.LIB Release - DLL OpenSSL|x64.Build.0 = LIB Release - DLL OpenSSL|x64
		{DA6F56B4-06A4-441D-AD70-AC5A7D51FADB}.LIB Release - DLL OpenSSL|x86.ActiveCfg = LIB Release - DLL OpenSSL|Win32
		{DA6F56B4-06A4-441D-AD70-AC5A7D51FADB}.LIB Release - DLL OpenSSL|x86.Build.0 = LIB Release - DLL OpenSSL|Win32
		{DA6F56B4-06A4-441D-AD70-AC5A7D51FADB}.LIB Release - DLL Windows SSPI|x64.ActiveCfg = LIB Release - DLL Windows SSPI|x64
		{DA6F56B4-06A4-441D-AD70-AC5A7D51FADB}.LIB Release - DLL Windows SSPI|x64.Build.0 = LIB Release - DLL Windows SSPI|x64
		{DA6F56B4-06A4-441D-AD70-AC5A7D51FADB}.LIB Release - DLL Windows SSPI|x86.ActiveCfg = LIB Release - DLL Windows SSPI|Win32
		{DA6F56B4-06A4-441D-AD70-AC5A7D51FADB}.LIB Release - DLL Windows SSPI|x86.Build.0 = LIB Release - DLL Windows SSPI|Win32
		{DA6F56B4-06A4-441D-AD70-AC5A7D51FADB}.LIB Release - LIB OpenSSL - LIB LibSSH2|x64.ActiveCfg = LIB Release - LIB OpenSSL - LIB LibSSH2|x64
		{DA6F56B4-06A4-441D-AD70-AC5A7D51FADB}.LIB Release - LIB OpenSSL - LIB LibSSH2|x64.Build.0 = LIB Release - LIB OpenSSL - LIB LibSSH2|x64
		{DA6F56B4-06A4-441D-AD70-AC5A7D51FADB}.LIB Release - LIB OpenSSL - LIB LibSSH2|x86.ActiveCfg = LIB Release - LIB OpenSSL - LIB LibSSH2|Win32
		{DA6F56B4-06A4-441D-AD70-AC5A7D51FADB}.LIB Release - LIB OpenSSL - LIB LibSSH2|x86.Build.0 = LIB Release - LIB OpenSSL - LIB LibSSH2|Win32
		{DA6F56B4-06A4-441D-AD70-AC5A7D51FADB}.LIB Release - LIB OpenSSL|x64.ActiveCfg = LIB Release - LIB OpenSSL|x64
		{DA6F56B4-06A4-441D-AD70-AC5A7D51FADB}.LIB Release - LIB OpenSSL|x64.Build.0 = LIB Release - LIB OpenSSL|x64
		{DA6F56B4-06A4-441D-AD70-AC5A7D51FADB}.LIB Release - LIB OpenSSL|x86.ActiveCfg = LIB Release - LIB OpenSSL|Win32
		{DA6F56B4-06A4-441D-AD70-AC5A7D51FADB}.LIB Release - LIB OpenSSL|x86.Build.0 = LIB Release - LIB OpenSSL|Win32
		{DA6F56B4-06A4-441D-AD70-AC5A7D51FADB}.LIB Release|x64.ActiveCfg = LIB Release|x64
		{DA6F56B4-06A4-441D-AD70-AC5A7D51FADB}.LIB Release|x64.Build.0 = LIB Release|x64
		{DA6F56B4-06A4-441D-AD70-AC5A7D51FADB}.LIB Release|x86.ActiveCfg = LIB Release|Win32
		{DA6F56B4-06A4-441D-AD70-AC5A7D51FADB}.LIB Release|x86.Build.0 = LIB Release|Win32
		{DA6F56B4-06A4-441D-AD70-AC5A7D51FADB}.Release_XP|x64.ActiveCfg = LIB Release - LIB OpenSSL - LIB LibSSH2|x64
		{DA6F56B4-06A4-441D-AD70-AC5A7D51FADB}.Release_XP|x64.Build.0 = LIB Release - LIB OpenSSL - LIB LibSSH2|x64
		{DA6F56B4-06A4-441D-AD70-AC5A7D51FADB}.Release_XP|x86.ActiveCfg = LIB Release - LIB OpenSSL - LIB LibSSH2|Win32
		{DA6F56B4-06A4-441D-AD70-AC5A7D51FADB}.Release_XP|x86.Build.0 = LIB Release - LIB OpenSSL - LIB LibSSH2|Win32
		{DA6F56B4-06A4-441D-AD70-AC5A7D51FADB}.Release|x64.ActiveCfg = LIB Release - LIB OpenSSL - LIB LibSSH2|x64
		{DA6F56B4-06A4-441D-AD70-AC5A7D51FADB}.Release|x64.Build.0 = LIB Release - LIB OpenSSL - LIB LibSSH2|x64
		{DA6F56B4-06A4-441D-AD70-AC5A7D51FADB}.Release|x86.ActiveCfg = LIB Release - LIB OpenSSL - LIB LibSSH2|Win32
		{DA6F56B4-06A4-441D-AD70-AC5A7D51FADB}.Release|x86.Build.0 = LIB Release - LIB OpenSSL - LIB LibSSH2|Win32
		{5A8AE24D-1BC4-4561-B754-486B5C266555}.Debug_XP|x64.ActiveCfg = Debug|x64
		{5A8AE24D-1BC4-4561-B754-486B5C266555}.Debug_XP|x64.Build.0 = Debug|x64
		{5A8AE24D-1BC4-4561-B754-486B5C266555}.Debug_XP|x86.ActiveCfg = Debug|Win32
		{5A8AE24D-1BC4-4561-B754-486B5C266555}.Debug_XP|x86.Build.0 = Debug|Win32
		{5A8AE24D-1BC4-4561-B754-486B5C266555}.Debug|x64.ActiveCfg = Debug|x64
		{5A8AE24D-1BC4-4561-B754-486B5C266555}.Debug|x64.Build.0 = Debug|x64
		{5A8AE24D-1BC4-4561-B754-486B5C266555}.Debug|x86.ActiveCfg = Debug|Win32
		{5A8AE24D-1BC4-4561-B754-486B5C266555}.Debug|x86.Build.0 = Debug|Win32
		{5A8AE24D-1BC4-4561-B754-486B5C266555}.DLL Debug - DLL OpenSSL - DLL LibSSH2|x64.ActiveCfg = Debug|x64
		{5A8AE24D-1BC4-4561-B754-486B5C266555}.DLL Debug - DLL OpenSSL - DLL LibSSH2|x64.Build.0 = Debug|x64
		{5A8AE24D-1BC4-4561-B754-486B5C266555}.DLL Debug - DLL OpenSSL - DLL LibSSH2|x86.ActiveCfg = Debug|Win32
		{5A8AE24D-1BC4-4561-B754-486B5C266555}.DLL Debug - DLL OpenSSL - DLL LibSSH2|x86.Build.0 = Debug|Win32
		{5A8AE24D-1BC4-4561-B754-486B5C266555}.DLL Debug - DLL OpenSSL|x64.ActiveCfg = Debug|x64
		{5A8AE24D-1BC4-4561-B754-486B5C266555}.DLL Debug - DLL OpenSSL|x64.Build.0 = Debug|x64
		{5A8AE24D-1BC4-4561-B754-486B5C266555}.DLL Debug - DLL OpenSSL|x86.ActiveCfg = Debug|Win32
		{5A8AE24D-1BC4-4561-B754-486B5C266555}.DLL Debug - DLL OpenSSL|x86.Build.0 = Debug|Win32
		{5A8AE24D-1BC4-4561-B754-486B5C266555}.DLL Debug - DLL Windows SSPI|x64.ActiveCfg = Debug|x64
		{5A8AE24D-1BC4-4561-B754-486B5C266555}.DLL Debug - DLL Windows SSPI|x64.Build.0 = Debug|x64
		{5A8AE24D-1BC4-4561-B754-486B5C266555}.DLL Debug - DLL Windows SSPI|x86.ActiveCfg = Debug|Win32
		{5A8AE24D-1BC4-4561-B754-486B5C266555}.DLL Debug - DLL Windows SSPI|x86.Build.0 = Debug|Win32
		{5A8AE24D-1BC4-4561-B754-486B5C266555}.DLL Debug|x64.ActiveCfg = Debug|x64
		{5A8AE24D-1BC4-4561-B754-486B5C266555}.DLL Debug|x64.Build.0 = Debug|x64
		{5A8AE24D-1BC4-4561-B754-486B5C266555}.DLL Debug|x86.ActiveCfg = Debug|Win32
		{5A8AE24D-1BC4-4561-B754-486B5C266555}.DLL Debug|x86.Build.0 = Debug|Win32
		{5A8AE24D-1BC4-4561-B754-486B5C266555}.DLL Release - DLL OpenSSL - DLL LibSSH2|x64.ActiveCfg = Release|x64
		{5A8AE24D-1BC4-4561-B754-486B5C266555}.DLL Release - DLL OpenSSL - DLL LibSSH2|x64.Build.0 = Release|x64
		{5A8AE24D-1BC4-4561-B754-486B5C266555}.DLL Release - DLL OpenSSL - DLL LibSSH2|x86.ActiveCfg = Release|Win32
		{5A8AE24D-1BC4-4561-B754-486B5C266555}.DLL Release - DLL OpenSSL - DLL LibSSH2|x86.Build.0 = Release|Win32
		{5A8AE24D-1BC4-4561-B754-486B5C266555}.DLL Release - DLL OpenSSL|x64.ActiveCfg = Release|x64
		{5A8AE24D-1BC4-4561-B754-486B5C266555}.DLL Release - DLL OpenSSL|x64.Build.0 = Release|x64
		{5A8AE24D-1BC4-4561-B754-486B5C266555}.DLL Release - DLL OpenSSL|x86.ActiveCfg = Release|Win32
		{5A8AE24D-1BC4-4561-B754-486B5C266555}.DLL Release - DLL OpenSSL|x86.Build.0 = Release|Win32
		{5A8AE24D-1BC4-4561-B754-486B5C266555}.DLL Release - DLL Windows SSPI|x64.ActiveCfg = Release|x64
		{5A8AE24D-1BC4-4561-B754-486B5C266555}.DLL Release - DLL Windows SSPI|x64.Build.0 = Release|x64
		{5A8AE24D-1BC4-4561-B754-486B5C266555}.DLL Release - DLL Windows SSPI|x86.ActiveCfg = Release|Win32
		{5A8AE24D-1BC4-4561-B754-486B5C266555}.DLL Release - DLL Windows SSPI|x86.Build.0 = Release|Win32
		{5A8AE24D-1BC4-4561-B754-486B5C266555}.DLL Release|x64.ActiveCfg = Release|x64
		{5A8AE24D-1BC4-4561-B754-486B5C266555}.DLL Release|x64.Build.0 = Release|x64
		{5A8AE24D-1BC4-4561-B754-486B5C266555}.DLL Release|x86.ActiveCfg = Release|Win32
		{5A8AE24D-1BC4-4561-B754-486B5C266555}.DLL Release|x86.Build.0 = Release|Win32
		{5A8AE24D-1BC4-4561-B754-486B5C266555}.LIB Debug - DLL OpenSSL - DLL LibSSH2|x64.ActiveCfg = Debug|x64
		{5A8AE24D-1BC4-4561-B754-486B5C266555}.LIB Debug - DLL OpenSSL - DLL LibSSH2|x64.Build.0 = Debug|x64
		{5A8AE24D-1BC4-4561-B754-486B5C266555}.LIB Debug - DLL OpenSSL - DLL LibSSH2|x86.ActiveCfg = Debug|Win32
		{5A8AE24D-1BC4-4561-B754-486B5C266555}.LIB Debug - DLL OpenSSL - DLL LibSSH2|x86.Build.0 = Debug|Win32
		{5A8AE24D-1BC4-4561-B754-486B5C266555}.LIB Debug - DLL OpenSSL|x64.ActiveCfg = Debug|x64
		{5A8AE24D-1BC4-4561-B754-486B5C266555}.LIB Debug - DLL OpenSSL|x64.Build.0 = Debug|x64
		{5A8AE24D-1BC4-4561-B754-486B5C266555}.LIB Debug - DLL OpenSSL|x86.ActiveCfg = Debug|Win32
		{5A8AE24D-1BC4-4561-B754-486B5C266555}.LIB Debug - DLL OpenSSL|x86.Build.0 = Debug|Win32
		{5A8AE24D-1BC4-4561-B754-486B5C266555}.LIB Debug - DLL Windows SSPI|x64.ActiveCfg = Debug|x64
		{5A8AE24D-1BC4-4561-B754-486B5C266555}.LIB Debug - DLL Windows SSPI|x64.Build.0 = Debug|x64
		{5A8AE24D-1BC4-4561-B754-486B5C266555}.LIB Debug - DLL Windows SSPI|x86.ActiveCfg = Debug|Win32
		{5A8AE24D-1BC4-4561-B754-486B5C266555}.LIB Debug - DLL Windows SSPI|x86.Build.0 = Debug|Win32
		{5A8AE24D-1BC4-4561-B754-486B5C266555}.LIB Debug - LIB OpenSSL - LIB LibSSH2|x64.ActiveCfg = Debug|x64
		{5A8AE24D-1BC4-4561-B754-486B5C266555}.LIB Debug - LIB OpenSSL - LIB LibSSH2|x64.Build.0 = Debug|x64
		{5A8AE24D-1BC4-4561-B754-486B5C266555}.LIB Debug - LIB OpenSSL - LIB LibSSH2|x86.ActiveCfg = Debug|Win32
		{5A8AE24D-1BC4-4561-B754-486B5C266555}.LIB Debug - LIB OpenSSL - LIB LibSSH2|x86.Build.0 = Debug|Win32
		{5A8AE24D-1BC4-4561-B754-486B5C266555}.LIB Debug - LIB OpenSSL|x64.ActiveCfg = Debug|x64
		{5A8AE24D-1BC4-4561-B754-486B5C266555}.LIB Debug - LIB OpenSSL|x64.Build.0 = Debug|x64
		{5A8AE24D-1BC4-4561-B754-486B5C266555}.LIB Debug - LIB OpenSSL|x86.ActiveCfg = Debug|Win32
		{5A8AE24D-1BC4-4561-B754-486B5C266555}.LIB Debug - LIB OpenSSL|x86.Build.0 = Debug|Win32
		{5A8AE24D-1BC4-4561-B754-486B5C266555}.LIB Debug|x64.ActiveCfg = Debug|x64
		{5A8AE24D-1BC4-4561-B754-486B5C266555}.LIB Debug|x64.Build.0 = Debug|x64
		{5A8AE24D-1BC4-4561-B754-486B5C266555}.LIB Debug|x86.ActiveCfg = Debug|Win32
		{5A8AE24D-1BC4-4561-B754-486B5C266555}.LIB Debug|x86.Build.0 = Debug|Win32
		{5A8AE24D-1BC4-4561-B754-486B5C266555}.LIB Release - DLL OpenSSL - DLL LibSSH2|x64.ActiveCfg = Release|x64
		{5A8AE24D-1BC4-4561-B754-486B5C266555}.LIB Release - DLL OpenSSL - DLL LibSSH2|x64.Build.0 = Release|x64
		{5A8AE24D-1BC4-4561-B754-486B5C266555}.LIB Release - DLL OpenSSL - DLL LibSSH2|x86.ActiveCfg = Release|Win32
		{5A8AE24D-1BC4-4561-B754-486B5C266555}.LIB Release - DLL OpenSSL - DLL LibSSH2|x86.Build.0 = Release|Win32
		{5A8AE24D-1BC4-4561-B754-486B5C266555}.LIB Release - DLL OpenSSL|x64.ActiveCfg = Release|x64
		{5A8AE24D-1BC4-4561-B754-486B5C266555}.LIB Release - DLL OpenSSL|x64.Build.0 = Release|x64
		{5A8AE24D-1BC4-4561-B754-486B5C266555}.LIB Release - DLL OpenSSL|x86.ActiveCfg = Release|Win32
		{5A8AE24D-1BC4-4561-B754-486B5C266555}.LIB Release - DLL OpenSSL|x86.Build.0 = Release|Win32
		{5A8AE24D-1BC4-4561-B754-486B5C266555}.LIB Release - DLL Windows SSPI|x64.ActiveCfg = Release|x64
		{5A8AE24D-1BC4-4561-B754-486B5C266555}.LIB Release - DLL Windows SSPI|x64.Build.0 = Release|x64
		{5A8AE24D-1BC4-4561-B754-486B5C266555}.LIB Release - DLL Windows SSPI|x86.ActiveCfg = Release|Win32
		{5A8AE24D-1BC4-4561-B754-486B5C266555}.LIB Release - DLL Windows SSPI|x86.Build.0 = Release|Win32
		{5A8AE24D-1BC4-4561-B754-486B5C266555}.LIB Release - LIB OpenSSL - LIB LibSSH2|x64.ActiveCfg = Release|x64
		{5A8AE24D-1BC4-4561-B754-486B5C266555}.LIB Release - LIB OpenSSL - LIB LibSSH2|x64.Build.0 = Release|x64
		{5A8AE24D-1BC4-4561-B754-486B5C266555}.LIB Release - LIB OpenSSL - LIB LibSSH2|x86.ActiveCfg = Release|Win32
		{5A8AE24D-1BC4-4561-B754-486B5C266555}.LIB Release - LIB OpenSSL - LIB LibSSH2|x86.Build.0 = Release|Win32
		{5A8AE24D-1BC4-4561-B754-486B5C266555}.LIB Release - LIB OpenSSL|x64.ActiveCfg = Release|x64
		{5A8AE24D-1BC4-4561-B754-486B5C266555}.LIB Release - LIB OpenSSL|x64.Build.0 = Release|x64
		{5A8AE24D-1BC4-4561-B754-486B5C266555}.LIB Release - LIB OpenSSL|x86.ActiveCfg = Release|Win32
		{5A8AE24D-1BC4-4561-B754-486B5C266555}.LIB Release - LIB OpenSSL|x86.Build.0 = Release|Win32
		{5A8AE24D-1BC4-4561-B754-486B5C266555}.LIB Release|x64.ActiveCfg = Release|x64
		{5A8AE24D-1BC4-4561-B754-486B5C266555}.LIB Release|x64.Build.0 = Release|x64
		{5A8AE24D-1BC4-4561-B754-486B5C266555}.LIB Release|x86.ActiveCfg = Release|Win32
		{5A8AE24D-1BC4-4561-B754-486B5C266555}.LIB Release|x86.Build.0 = Release|Win32
		{5A8AE24D-1BC4-4561-B754-486B5C266555}.Release_XP|x64.ActiveCfg = Release|x64
		{5A8AE24D-1BC4-4561-B754-486B5C266555}.Release_XP|x64.Build.0 = Release|x64
		{5A8AE24D-1BC4-4561-B754-486B5C266555}.Release_XP|x86.ActiveCfg = Release|Win32
		{5A8AE24D-1BC4-4561-B754-486B5C266555}.Release_XP|x86.Build.0 = Release|Win32
		{5A8AE24D-1BC4-4561-B754-486B5C266555}.Release|x64.ActiveCfg = Release|x64
		{5A8AE24D-1BC4-4561-B754-486B5C266555}.Release|x64.Build.0 = Release|x64
		{5A8AE24D-1BC4-4561-B754-486B5C266555}.Release|x86.ActiveCfg = Release|Win32
		{5A8AE24D-1BC4-4561-B754-486B5C266555}.Release|x86.Build.0 = Release|Win32
		{E62D9A7F-ED7A-4657-88F2-F233F91380EA}.Debug_XP|x64.ActiveCfg = Release|Win32
		{E62D9A7F-ED7A-4657-88F2-F233F91380EA}.Debug_XP|x64.Build.0 = Release|Win32
		{E62D9A7F-ED7A-4657-88F2-F233F91380EA}.Debug_XP|x86.ActiveCfg = Debug|Win32
		{E62D9A7F-ED7A-4657-88F2-F233F91380EA}.Debug_XP|x86.Build.0 = Debug|Win32
		{E62D9A7F-ED7A-4657-88F2-F233F91380EA}.Debug|x64.ActiveCfg = Debug|Win32
		{E62D9A7F-ED7A-4657-88F2-F233F91380EA}.Debug|x86.ActiveCfg = Debug|Win32
		{E62D9A7F-ED7A-4657-88F2-F233F91380EA}.Debug|x86.Build.0 = Debug|Win32
		{E62D9A7F-ED7A-4657-88F2-F233F91380EA}.DLL Debug - DLL OpenSSL - DLL LibSSH2|x64.ActiveCfg = Release|Win32
		{E62D9A7F-ED7A-4657-88F2-F233F91380EA}.DLL Debug - DLL OpenSSL - DLL LibSSH2|x64.Build.0 = Release|Win32
		{E62D9A7F-ED7A-4657-88F2-F233F91380EA}.DLL Debug - DLL OpenSSL - DLL LibSSH2|x86.ActiveCfg = Debug|Win32
		{E62D9A7F-ED7A-4657-88F2-F233F91380EA}.DLL Debug - DLL OpenSSL - DLL LibSSH2|x86.Build.0 = Debug|Win32
		{E62D9A7F-ED7A-4657-88F2-F233F91380EA}.DLL Debug - DLL OpenSSL|x64.ActiveCfg = Release|Win32
		{E62D9A7F-ED7A-4657-88F2-F233F91380EA}.DLL Debug - DLL OpenSSL|x64.Build.0 = Release|Win32
		{E62D9A7F-ED7A-4657-88F2-F233F91380EA}.DLL Debug - DLL OpenSSL|x86.ActiveCfg = Debug|Win32
		{E62D9A7F-ED7A-4657-88F2-F233F91380EA}.DLL Debug - DLL OpenSSL|x86.Build.0 = Debug|Win32
		{E62D9A7F-ED7A-4657-88F2-F233F91380EA}.DLL Debug - DLL Windows SSPI|x64.ActiveCfg = Release|Win32
		{E62D9A7F-ED7A-4657-88F2-F233F91380EA}.DLL Debug - DLL Windows SSPI|x64.Build.0 = Release|Win32
		{E62D9A7F-ED7A-4657-88F2-F233F91380EA}.DLL Debug - DLL Windows SSPI|x86.ActiveCfg = Debug|Win32
		{E62D9A7F-ED7A-4657-88F2-F233F91380EA}.DLL Debug - DLL Windows SSPI|x86.Build.0 = Debug|Win32
		{E62D9A7F-ED7A-4657-88F2-F233F91380EA}.DLL Debug|x64.ActiveCfg = Release|Win32
		{E62D9A7F-ED7A-4657-88F2-F233F91380EA}.DLL Debug|x64.Build.0 = Release|Win32
		{E62D9A7F-ED7A-4657-88F2-F233F91380EA}.DLL Debug|x86.ActiveCfg = Debug|Win32
		{E62D9A7F-ED7A-4657-88F2-F233F91380EA}.DLL Debug|x86.Build.0 = Debug|Win32
		{E62D9A7F-ED7A-4657-88F2-F233F91380EA}.DLL Release - DLL OpenSSL - DLL LibSSH2|x64.ActiveCfg = Release|Win32
		{E62D9A7F-ED7A-4657-88F2-F233F91380EA}.DLL Release - DLL OpenSSL - DLL LibSSH2|x64.Build.0 = Release|Win32
		{E62D9A7F-ED7A-4657-88F2-F233F91380EA}.DLL Release - DLL OpenSSL - DLL LibSSH2|x86.ActiveCfg = Release|Win32
		{E62D9A7F-ED7A-4657-88F2-F233F91380EA}.DLL Release - DLL OpenSSL - DLL LibSSH2|x86.Build.0 = Release|Win32
		{E62D9A7F-ED7A-4657-88F2-F233F91380EA}.DLL Release - DLL OpenSSL|x64.ActiveCfg = Release|Win32
		{E62D9A7F-ED7A-4657-88F2-F233F91380EA}.DLL Release - DLL OpenSSL|x64.Build.0 = Release|Win32
		{E62D9A7F-ED7A-4657-88F2-F233F91380EA}.DLL Release - DLL OpenSSL|x86.ActiveCfg = Release|Win32
		{E62D9A7F-ED7A-4657-88F2-F233F91380EA}.DLL Release - DLL OpenSSL|x86.Build.0 = Release|Win32
		{E62D9A7F-ED7A-4657-88F2-F233F91380EA}.DLL Release - DLL Windows SSPI|x64.ActiveCfg = Release|Win32
		{E62D9A7F-ED7A-4657-88F2-F233F91380EA}.DLL Release - DLL Windows SSPI|x64.Build.0 = Release|Win32
		{E62D9A7F-ED7A-4657-88F2-F233F91380EA}.DLL Release - DLL Windows SSPI|x86.ActiveCfg = Release|Win32
		{E62D9A7F-ED7A-4657-88F2-F233F91380EA}.DLL Release - DLL Windows SSPI|x86.Build.0 = Release|Win32
		{E62D9A7F-ED7A-4657-88F2-F233F91380EA}.DLL Release|x64.ActiveCfg = Release|Win32
		{E62D9A7F-ED7A-4657-88F2-F233F91380EA}.DLL Release|x64.Build.0 = Release|Win32
		{E62D9A7F-ED7A-4657-88F2-F233F91380EA}.DLL Release|x86.ActiveCfg = Release|Win32
		{E62D9A7F-ED7A-4657-88F2-F233F91380EA}.DLL Release|x86.Build.0 = Release|Win32
		{E62D9A7F-ED7A-4657-88F2-F233F91380EA}.LIB Debug - DLL OpenSSL - DLL LibSSH2|x64.ActiveCfg = Release|Win32
		{E62D9A7F-ED7A-4657-88F2-F233F91380EA}.LIB Debug - DLL OpenSSL - DLL LibSSH2|x64.Build.0 = Release|Win32
		{E62D9A7F-ED7A-4657-88F2-F233F91380EA}.LIB Debug - DLL OpenSSL - DLL LibSSH2|x86.ActiveCfg = Debug|Win32
		{E62D9A7F-ED7A-4657-88F2-F233F91380EA}.LIB Debug - DLL OpenSSL - DLL LibSSH2|x86.Build.0 = Debug|Win32
		{E62D9A7F-ED7A-4657-88F2-F233F91380EA}.LIB Debug - DLL OpenSSL|x64.ActiveCfg = Release|Win32
		{E62D9A7F-ED7A-4657-88F2-F233F91380EA}.LIB Debug - DLL OpenSSL|x64.Build.0 = Release|Win32
		{E62D9A7F-ED7A-4657-88F2-F233F91380EA}.LIB Debug - DLL OpenSSL|x86.ActiveCfg = Debug|Win32
		{E62D9A7F-ED7A-4657-88F2-F233F91380EA}.LIB Debug - DLL OpenSSL|x86.Build.0 = Debug|Win32
		{E62D9A7F-ED7A-4657-88F2-F233F91380EA}.LIB Debug - DLL Windows SSPI|x64.ActiveCfg = Release|Win32
		{E62D9A7F-ED7A-4657-88F2-F233F91380EA}.LIB Debug - DLL Windows SSPI|x64.Build.0 = Release|Win32
		{E62D9A7F-ED7A-4657-88F2-F233F91380EA}.LIB Debug - DLL Windows SSPI|x86.ActiveCfg = Debug|Win32
		{E62D9A7F-ED7A-4657-88F2-F233F91380EA}.LIB Debug - DLL Windows SSPI|x86.Build.0 = Debug|Win32
		{E62D9A7F-ED7A-4657-88F2-F233F91380EA}.LIB Debug - LIB OpenSSL - LIB LibSSH2|x64.ActiveCfg = Release|Win32
		{E62D9A7F-ED7A-4657-88F2-F233F91380EA}.LIB Debug - LIB OpenSSL - LIB LibSSH2|x64.Build.0 = Release|Win32
		{E62D9A7F-ED7A-4657-88F2-F233F91380EA}.LIB Debug - LIB OpenSSL - LIB LibSSH2|x86.ActiveCfg = Debug|Win32
		{E62D9A7F-ED7A-4657-88F2-F233F91380EA}.LIB Debug - LIB OpenSSL - LIB LibSSH2|x86.Build.0 = Debug|Win32
		{E62D9A7F-ED7A-4657-88F2-F233F91380EA}.LIB Debug - LIB OpenSSL|x64.ActiveCfg = Release|Win32
		{E62D9A7F-ED7A-4657-88F2-F233F91380EA}.LIB Debug - LIB OpenSSL|x64.Build.0 = Release|Win32
		{E62D9A7F-ED7A-4657-88F2-F233F91380EA}.LIB Debug - LIB OpenSSL|x86.ActiveCfg = Debug|Win32
		{E62D9A7F-ED7A-4657-88F2-F233F91380EA}.LIB Debug - LIB OpenSSL|x86.Build.0 = Debug|Win32
		{E62D9A7F-ED7A-4657-88F2-F233F91380EA}.LIB Debug|x64.ActiveCfg = Release|Win32
		{E62D9A7F-ED7A-4657-88F2-F233F91380EA}.LIB Debug|x64.Build.0 = Release|Win32
		{E62D9A7F-ED7A-4657-88F2-F233F91380EA}.LIB Debug|x86.ActiveCfg = Debug|Win32
		{E62D9A7F-ED7A-4657-88F2-F233F91380EA}.LIB Debug|x86.Build.0 = Debug|Win32
		{E62D9A7F-ED7A-4657-88F2-F233F91380EA}.LIB Release - DLL OpenSSL - DLL LibSSH2|x64.ActiveCfg = Release|Win32
		{E62D9A7F-ED7A-4657-88F2-F233F91380EA}.LIB Release - DLL OpenSSL - DLL LibSSH2|x64.Build.0 = Release|Win32
		{E62D9A7F-ED7A-4657-88F2-F233F91380EA}.LIB Release - DLL OpenSSL - DLL LibSSH2|x86.ActiveCfg = Release|Win32
		{E62D9A7F-ED7A-4657-88F2-F233F91380EA}.LIB Release - DLL OpenSSL - DLL LibSSH2|x86.Build.0 = Release|Win32
		{E62D9A7F-ED7A-4657-88F2-F233F91380EA}.LIB Release - DLL OpenSSL|x64.ActiveCfg = Release|Win32
		{E62D9A7F-ED7A-4657-88F2-F233F91380EA}.LIB Release - DLL OpenSSL|x64.Build.0 = Release|Win32
		{E62D9A7F-ED7A-4657-88F2-F233F91380EA}.LIB Release - DLL OpenSSL|x86.ActiveCfg = Release|Win32
		{E62D9A7F-ED7A-4657-88F2-F233F91380EA}.LIB Release - DLL OpenSSL|x86.Build.0 = Release|Win32
		{E62D9A7F-ED7A-4657-88F2-F233F91380EA}.LIB Release - DLL Windows SSPI|x64.ActiveCfg = Release|Win32
		{E62D9A7F-ED7A-4657-88F2-F233F91380EA}.LIB Release - DLL Windows SSPI|x64.Build.0 = Release|Win32
		{E62D9A7F-ED7A-4657-88F2-F233F91380EA}.LIB Release - DLL Windows SSPI|x86.ActiveCfg = Release|Win32
		{E62D9A7F-ED7A-4657-88F2-F233F91380EA}.LIB Release - DLL Windows SSPI|x86.Build.0 = Release|Win32
		{E62D9A7F-ED7A-4657-88F2-F233F91380EA}.LIB Release - LIB OpenSSL - LIB LibSSH2|x64.ActiveCfg = Release|Win32
		{E62D9A7F-ED7A-4657-88F2-F233F91380EA}.LIB Release - LIB OpenSSL - LIB LibSSH2|x64.Build.0 = Release|Win32
		{E62D9A7F-ED7A-4657-88F2-F233F91380EA}.LIB Release - LIB OpenSSL - LIB LibSSH2|x86.ActiveCfg = Release|Win32
		{E62D9A7F-ED7A-4657-88F2-F233F91380EA}.LIB Release - LIB OpenSSL - LIB LibSSH2|x86.Build.0 = Release|Win32
		{E62D9A7F-ED7A-4657-88F2-F233F91380EA}.LIB Release - LIB OpenSSL|x64.ActiveCfg = Release|Win32
		{E62D9A7F-ED7A-4657-88F2-F233F91380EA}.LIB Release - LIB OpenSSL|x64.Build.0 = Release|Win32
		{E62D9A7F-ED7A-4657-88F2-F233F91380EA}.LIB Release - LIB OpenSSL|x86.ActiveCfg = Release|Win32
		{E62D9A7F-ED7A-4657-88F2-F233F91380EA}.LIB Release - LIB OpenSSL|x86.Build.0 = Release|Win32
		{E62D9A7F-ED7A-4657-88F2-F233F91380EA}.LIB Release|x64.ActiveCfg = Release|Win32
		{E62D9A7F-ED7A-4657-88F2-F233F91380EA}.LIB Release|x64.Build.0 = Release|Win32
		{E62D9A7F-ED7A-4657-88F2-F233F91380EA}.LIB Release|x86.ActiveCfg = Release|Win32
		{E62D9A7F-ED7A-4657-88F2-F233F91380EA}.LIB Release|x86.Build.0 = Release|Win32
		{E62D9A7F-ED7A-4657-88F2-F233F91380EA}.Release_XP|x64.ActiveCfg = Release|Win32
		{E62D9A7F-ED7A-4657-88F2-F233F91380EA}.Release_XP|x64.Build.0 = Release|Win32
		{E62D9A7F-ED7A-4657-88F2-F233F91380EA}.Release_XP|x86.ActiveCfg = Release|Win32
		{E62D9A7F-ED7A-4657-88F2-F233F91380EA}.Release_XP|x86.Build.0 = Release|Win32
		{E62D9A7F-ED7A-4657-88F2-F233F91380EA}.Release|x64.ActiveCfg = Release|Win32
		{E62D9A7F-ED7A-4657-88F2-F233F91380EA}.Release|x86.ActiveCfg = Release|Win32
		{E62D9A7F-ED7A-4657-88F2-F233F91380EA}.Release|x86.Build.0 = Release|Win32
		{5E00425B-AD68-4E3C-8FDA-6130F8A47766}.Debug_XP|x64.ActiveCfg = Debug|x64
		{5E00425B-AD68-4E3C-8FDA-6130F8A47766}.Debug_XP|x64.Build.0 = Debug|x64
		{5E00425B-AD68-4E3C-8FDA-6130F8A47766}.Debug_XP|x86.ActiveCfg = Debug|Win32
		{5E00425B-AD68-4E3C-8FDA-6130F8A47766}.Debug_XP|x86.Build.0 = Debug|Win32
		{5E00425B-AD68-4E3C-8FDA-6130F8A47766}.Debug|x64.ActiveCfg = Debug|x64
		{5E00425B-AD68-4E3C-8FDA-6130F8A47766}.Debug|x64.Build.0 = Debug|x64
		{5E00425B-AD68-4E3C-8FDA-6130F8A47766}.Debug|x86.ActiveCfg = Debug|Win32
		{5E00425B-AD68-4E3C-8FDA-6130F8A47766}.Debug|x86.Build.0 = Debug|Win32
		{5E00425B-AD68-4E3C-8FDA-6130F8A47766}.DLL Debug - DLL OpenSSL - DLL LibSSH2|x64.ActiveCfg = Debug|x64
		{5E00425B-AD68-4E3C-8FDA-6130F8A47766}.DLL Debug - DLL OpenSSL - DLL LibSSH2|x64.Build.0 = Debug|x64
		{5E00425B-AD68-4E3C-8FDA-6130F8A47766}.DLL Debug - DLL OpenSSL - DLL LibSSH2|x86.ActiveCfg = Debug|Win32
		{5E00425B-AD68-4E3C-8FDA-6130F8A47766}.DLL Debug - DLL OpenSSL - DLL LibSSH2|x86.Build.0 = Debug|Win32
		{5E00425B-AD68-4E3C-8FDA-6130F8A47766}.DLL Debug - DLL OpenSSL|x64.ActiveCfg = Debug|x64
		{5E00425B-AD68-4E3C-8FDA-6130F8A47766}.DLL Debug - DLL OpenSSL|x64.Build.0 = Debug|x64
		{5E00425B-AD68-4E3C-8FDA-6130F8A47766}.DLL Debug - DLL OpenSSL|x86.ActiveCfg = Debug|Win32
		{5E00425B-AD68-4E3C-8FDA-6130F8A47766}.DLL Debug - DLL OpenSSL|x86.Build.0 = Debug|Win32
		{5E00425B-AD68-4E3C-8FDA-6130F8A47766}.DLL Debug - DLL Windows SSPI|x64.ActiveCfg = Debug|x64
		{5E00425B-AD68-4E3C-8FDA-6130F8A47766}.DLL Debug - DLL Windows SSPI|x64.Build.0 = Debug|x64
		{5E00425B-AD68-4E3C-8FDA-6130F8A47766}.DLL Debug - DLL Windows SSPI|x86.ActiveCfg = Debug|Win32
		{5E00425B-AD68-4E3C-8FDA-6130F8A47766}.DLL Debug - DLL Windows SSPI|x86.Build.0 = Debug|Win32
		{5E00425B-AD68-4E3C-8FDA-6130F8A47766}.DLL Debug|x64.ActiveCfg = Debug|x64
		{5E00425B-AD68-4E3C-8FDA-6130F8A47766}.DLL Debug|x64.Build.0 = Debug|x64
		{5E00425B-AD68-4E3C-8FDA-6130F8A47766}.DLL Debug|x86.ActiveCfg = Debug|Win32
		{5E00425B-AD68-4E3C-8FDA-6130F8A47766}.DLL Debug|x86.Build.0 = Debug|Win32
		{5E00425B-AD68-4E3C-8FDA-6130F8A47766}.DLL Release - DLL OpenSSL - DLL LibSSH2|x64.ActiveCfg = Release|x64
		{5E00425B-AD68-4E3C-8FDA-6130F8A47766}.DLL Release - DLL OpenSSL - DLL LibSSH2|x64.Build.0 = Release|x64
		{5E00425B-AD68-4E3C-8FDA-6130F8A47766}.DLL Release - DLL OpenSSL - DLL LibSSH2|x86.ActiveCfg = Release|Win32
		{5E00425B-AD68-4E3C-8FDA-6130F8A47766}.DLL Release - DLL OpenSSL - DLL LibSSH2|x86.Build.0 = Release|Win32
		{5E00425B-AD68-4E3C-8FDA-6130F8A47766}.DLL Release - DLL OpenSSL|x64.ActiveCfg = Release|x64
		{5E00425B-AD68-4E3C-8FDA-6130F8A47766}.DLL Release - DLL OpenSSL|x64.Build.0 = Release|x64
		{5E00425B-AD68-4E3C-8FDA-6130F8A47766}.DLL Release - DLL OpenSSL|x86.ActiveCfg = Release|Win32
		{5E00425B-AD68-4E3C-8FDA-6130F8A47766}.DLL Release - DLL OpenSSL|x86.Build.0 = Release|Win32
		{5E00425B-AD68-4E3C-8FDA-6130F8A47766}.DLL Release - DLL Windows SSPI|x64.ActiveCfg = Release|x64
		{5E00425B-AD68-4E3C-8FDA-6130F8A47766}.DLL Release - DLL Windows SSPI|x64.Build.0 = Release|x64
		{5E00425B-AD68-4E3C-8FDA-6130F8A47766}.DLL Release - DLL Windows SSPI|x86.ActiveCfg = Release|Win32
		{5E00425B-AD68-4E3C-8FDA-6130F8A47766}.DLL Release - DLL Windows SSPI|x86.Build.0 = Release|Win32
		{5E00425B-AD68-4E3C-8FDA-6130F8A47766}.DLL Release|x64.ActiveCfg = Release|x64
		{5E00425B-AD68-4E3C-8FDA-6130F8A47766}.DLL Release|x64.Build.0 = Release|x64
		{5E00425B-AD68-4E3C-8FDA-6130F8A47766}.DLL Release|x86.ActiveCfg = Release|Win32
		{5E00425B-AD68-4E3C-8FDA-6130F8A47766}.DLL Release|x86.Build.0 = Release|Win32
		{5E00425B-AD68-4E3C-8FDA-6130F8A47766}.LIB Debug - DLL OpenSSL - DLL LibSSH2|x64.ActiveCfg = Debug|x64
		{5E00425B-AD68-4E3C-8FDA-6130F8A47766}.LIB Debug - DLL OpenSSL - DLL LibSSH2|x64.Build.0 = Debug|x64
		{5E00425B-AD68-4E3C-8FDA-6130F8A47766}.LIB Debug - DLL OpenSSL - DLL LibSSH2|x86.ActiveCfg = Debug|Win32
		{5E00425B-AD68-4E3C-8FDA-6130F8A47766}.LIB Debug - DLL OpenSSL - DLL LibSSH2|x86.Build.0 = Debug|Win32
		{5E00425B-AD68-4E3C-8FDA-6130F8A47766}.LIB Debug - DLL OpenSSL|x64.ActiveCfg = Debug|x64
		{5E00425B-AD68-4E3C-8FDA-6130F8A47766}.LIB Debug - DLL OpenSSL|x64.Build.0 = Debug|x64
		{5E00425B-AD68-4E3C-8FDA-6130F8A47766}.LIB Debug - DLL OpenSSL|x86.ActiveCfg = Debug|Win32
		{5E00425B-AD68-4E3C-8FDA-6130F8A47766}.LIB Debug - DLL OpenSSL|x86.Build.0 = Debug|Win32
		{5E00425B-AD68-4E3C-8FDA-6130F8A47766}.LIB Debug - DLL Windows SSPI|x64.ActiveCfg = Debug|x64
		{5E00425B-AD68-4E3C-8FDA-6130F8A47766}.LIB Debug - DLL Windows SSPI|x64.Build.0 = Debug|x64
		{5E00425B-AD68-4E3C-8FDA-6130F8A47766}.LIB Debug - DLL Windows SSPI|x86.ActiveCfg = Debug|Win32
		{5E00425B-AD68-4E3C-8FDA-6130F8A47766}.LIB Debug - DLL Windows SSPI|x86.Build.0 = Debug|Win32
		{5E00425B-AD68-4E3C-8FDA-6130F8A47766}.LIB Debug - LIB OpenSSL - LIB LibSSH2|x64.ActiveCfg = Debug|x64
		{5E00425B-AD68-4E3C-8FDA-6130F8A47766}.LIB Debug - LIB OpenSSL - LIB LibSSH2|x64.Build.0 = Debug|x64
		{5E00425B-AD68-4E3C-8FDA-6130F8A47766}.LIB Debug - LIB OpenSSL - LIB LibSSH2|x86.ActiveCfg = Debug|Win32
		{5E00425B-AD68-4E3C-8FDA-6130F8A47766}.LIB Debug - LIB OpenSSL - LIB LibSSH2|x86.Build.0 = Debug|Win32
		{5E00425B-AD68-4E3C-8FDA-6130F8A47766}.LIB Debug - LIB OpenSSL|x64.ActiveCfg = Debug|x64
		{5E00425B-AD68-4E3C-8FDA-6130F8A47766}.LIB Debug - LIB OpenSSL|x64.Build.0 = Debug|x64
		{5E00425B-AD68-4E3C-8FDA-6130F8A47766}.LIB Debug - LIB OpenSSL|x86.ActiveCfg = Debug|Win32
		{5E00425B-AD68-4E3C-8FDA-6130F8A47766}.LIB Debug - LIB OpenSSL|x86.Build.0 = Debug|Win32
		{5E00425B-AD68-4E3C-8FDA-6130F8A47766}.LIB Debug|x64.ActiveCfg = Debug|x64
		{5E00425B-AD68-4E3C-8FDA-6130F8A47766}.LIB Debug|x64.Build.0 = Debug|x64
		{5E00425B-AD68-4E3C-8FDA-6130F8A47766}.LIB Debug|x86.ActiveCfg = Debug|Win32
		{5E00425B-AD68-4E3C-8FDA-6130F8A47766}.LIB Debug|x86.Build.0 = Debug|Win32
		{5E00425B-AD68-4E3C-8FDA-6130F8A47766}.LIB Release - DLL OpenSSL - DLL LibSSH2|x64.ActiveCfg = Release|x64
		{5E00425B-AD68-4E3C-8FDA-6130F8A47766}.LIB Release - DLL OpenSSL - DLL LibSSH2|x64.Build.0 = Release|x64
		{5E00425B-AD68-4E3C-8FDA-6130F8A47766}.LIB Release - DLL OpenSSL - DLL LibSSH2|x86.ActiveCfg = Release|Win32
		{5E00425B-AD68-4E3C-8FDA-6130F8A47766}.LIB Release - DLL OpenSSL - DLL LibSSH2|x86.Build.0 = Release|Win32
		{5E00425B-AD68-4E3C-8FDA-6130F8A47766}.LIB Release - DLL OpenSSL|x64.ActiveCfg = Release|x64
		{5E00425B-AD68-4E3C-8FDA-6130F8A47766}.LIB Release - DLL OpenSSL|x64.Build.0 = Release|x64
		{5E00425B-AD68-4E3C-8FDA-6130F8A47766}.LIB Release - DLL OpenSSL|x86.ActiveCfg = Release|Win32
		{5E00425B-AD68-4E3C-8FDA-6130F8A47766}.LIB Release - DLL OpenSSL|x86.Build.0 = Release|Win32
		{5E00425B-AD68-4E3C-8FDA-6130F8A47766}.LIB Release - DLL Windows SSPI|x64.ActiveCfg = Release|x64
		{5E00425B-AD68-4E3C-8FDA-6130F8A47766}.LIB Release - DLL Windows SSPI|x64.Build.0 = Release|x64
		{5E00425B-AD68-4E3C-8FDA-6130F8A47766}.LIB Release - DLL Windows SSPI|x86.ActiveCfg = Release|Win32
		{5E00425B-AD68-4E3C-8FDA-6130F8A47766}.LIB Release - DLL Windows SSPI|x86.Build.0 = Release|Win32
		{5E00425B-AD68-4E3C-8FDA-6130F8A47766}.LIB Release - LIB OpenSSL - LIB LibSSH2|x64.ActiveCfg = Release|x64
		{5E00425B-AD68-4E3C-8FDA-6130F8A47766}.LIB Release - LIB OpenSSL - LIB LibSSH2|x64.Build.0 = Release|x64
		{5E00425B-AD68-4E3C-8FDA-6130F8A47766}.LIB Release - LIB OpenSSL - LIB LibSSH2|x86.ActiveCfg = Release|Win32
		{5E00425B-AD68-4E3C-8FDA-6130F8A47766}.LIB Release - LIB OpenSSL - LIB LibSSH2|x86.Build.0 = Release|Win32
		{5E00425B-AD68-4E3C-8FDA-6130F8A47766}.LIB Release - LIB OpenSSL|x64.ActiveCfg = Release|x64
		{5E00425B-AD68-4E3C-8FDA-6130F8A47766}.LIB Release - LIB OpenSSL|x64.Build.0 = Release|x64
		{5E00425B-AD68-4E3C-8FDA-6130F8A47766}.LIB Release - LIB OpenSSL|x86.ActiveCfg = Release|Win32
		{5E00425B-AD68-4E3C-8FDA-6130F8A47766}.LIB Release - LIB OpenSSL|x86.Build.0 = Release|Win32
		{5E00425B-AD68-4E3C-8FDA-6130F8A47766}.LIB Release|x64.ActiveCfg = Release|x64
		{5E00425B-AD68-4E3C-8FDA-6130F8A47766}.LIB Release|x64.Build.0 = Release|x64
		{5E00425B-AD68-4E3C-8FDA-6130F8A47766}.LIB Release|x86.ActiveCfg = Release|Win32
		{5E00425B-AD68-4E3C-8FDA-6130F8A47766}.LIB Release|x86.Build.0 = Release|Win32
		{5E00425B-AD68-4E3C-8FDA-6130F8A47766}.Release_XP|x64.ActiveCfg = Release|x64
		{5E00425B-AD68-4E3C-8FDA-6130F8A47766}.Release_XP|x64.Build.0 = Release|x64
		{5E00425B-AD68-4E3C-8FDA-6130F8A47766}.Release_XP|x86.ActiveCfg = Release|Win32
		{5E00425B-AD68-4E3C-8FDA-6130F8A47766}.Release_XP|x86.Build.0 = Release|Win32
		{5E00425B-AD68-4E3C-8FDA-6130F8A47766}.Release|x64.ActiveCfg = Release|x64
		{5E00425B-AD68-4E3C-8FDA-6130F8A47766}.Release|x64.Build.0 = Release|x64
		{5E00425B-AD68-4E3C-8FDA-6130F8A47766}.Release|x86.ActiveCfg = Release|Win32
		{5E00425B-AD68-4E3C-8FDA-6130F8A47766}.Release|x86.Build.0 = Release|Win32
		{FDA2E6CF-46B0-4219-BDF1-1840623482FF}.Debug_XP|x64.ActiveCfg = Debug|x64
		{FDA2E6CF-46B0-4219-BDF1-1840623482FF}.Debug_XP|x64.Build.0 = Debug|x64
		{FDA2E6CF-46B0-4219-BDF1-1840623482FF}.Debug_XP|x86.ActiveCfg = Debug|Win32
		{FDA2E6CF-46B0-4219-BDF1-1840623482FF}.Debug_XP|x86.Build.0 = Debug|Win32
		{FDA2E6CF-46B0-4219-BDF1-1840623482FF}.Debug|x64.ActiveCfg = Debug|x64
		{FDA2E6CF-46B0-4219-BDF1-1840623482FF}.Debug|x64.Build.0 = Debug|x64
		{FDA2E6CF-46B0-4219-BDF1-1840623482FF}.Debug|x86.ActiveCfg = Debug|Win32
		{FDA2E6CF-46B0-4219-BDF1-1840623482FF}.Debug|x86.Build.0 = Debug|Win32
		{FDA2E6CF-46B0-4219-BDF1-1840623482FF}.DLL Debug - DLL OpenSSL - DLL LibSSH2|x64.ActiveCfg = Debug|x64
		{FDA2E6CF-46B0-4219-BDF1-1840623482FF}.DLL Debug - DLL OpenSSL - DLL LibSSH2|x64.Build.0 = Debug|x64
		{FDA2E6CF-46B0-4219-BDF1-1840623482FF}.DLL Debug - DLL OpenSSL - DLL LibSSH2|x86.ActiveCfg = Debug|Win32
		{FDA2E6CF-46B0-4219-BDF1-1840623482FF}.DLL Debug - DLL OpenSSL - DLL LibSSH2|x86.Build.0 = Debug|Win32
		{FDA2E6CF-46B0-4219-BDF1-1840623482FF}.DLL Debug - DLL OpenSSL|x64.ActiveCfg = Debug|x64
		{FDA2E6CF-46B0-4219-BDF1-1840623482FF}.DLL Debug - DLL OpenSSL|x64.Build.0 = Debug|x64
		{FDA2E6CF-46B0-4219-BDF1-1840623482FF}.DLL Debug - DLL OpenSSL|x86.ActiveCfg = Debug|Win32
		{FDA2E6CF-46B0-4219-BDF1-1840623482FF}.DLL Debug - DLL OpenSSL|x86.Build.0 = Debug|Win32
		{FDA2E6CF-46B0-4219-BDF1-1840623482FF}.DLL Debug - DLL Windows SSPI|x64.ActiveCfg = Debug|x64
		{FDA2E6CF-46B0-4219-BDF1-1840623482FF}.DLL Debug - DLL Windows SSPI|x64.Build.0 = Debug|x64
		{FDA2E6CF-46B0-4219-BDF1-1840623482FF}.DLL Debug - DLL Windows SSPI|x86.ActiveCfg = Debug|Win32
		{FDA2E6CF-46B0-4219-BDF1-1840623482FF}.DLL Debug - DLL Windows SSPI|x86.Build.0 = Debug|Win32
		{FDA2E6CF-46B0-4219-BDF1-1840623482FF}.DLL Debug|x64.ActiveCfg = Debug|x64
		{FDA2E6CF-46B0-4219-BDF1-1840623482FF}.DLL Debug|x64.Build.0 = Debug|x64
		{FDA2E6CF-46B0-4219-BDF1-1840623482FF}.DLL Debug|x86.ActiveCfg = Debug|Win32
		{FDA2E6CF-46B0-4219-BDF1-1840623482FF}.DLL Debug|x86.Build.0 = Debug|Win32
		{FDA2E6CF-46B0-4219-BDF1-1840623482FF}.DLL Release - DLL OpenSSL - DLL LibSSH2|x64.ActiveCfg = Release|x64
		{FDA2E6CF-46B0-4219-BDF1-1840623482FF}.DLL Release - DLL OpenSSL - DLL LibSSH2|x64.Build.0 = Release|x64
		{FDA2E6CF-46B0-4219-BDF1-1840623482FF}.DLL Release - DLL OpenSSL - DLL LibSSH2|x86.ActiveCfg = Release|Win32
		{FDA2E6CF-46B0-4219-BDF1-1840623482FF}.DLL Release - DLL OpenSSL - DLL LibSSH2|x86.Build.0 = Release|Win32
		{FDA2E6CF-46B0-4219-BDF1-1840623482FF}.DLL Release - DLL OpenSSL|x64.ActiveCfg = Release|x64
		{FDA2E6CF-46B0-4219-BDF1-1840623482FF}.DLL Release - DLL OpenSSL|x64.Build.0 = Release|x64
		{FDA2E6CF-46B0-4219-BDF1-1840623482FF}.DLL Release - DLL OpenSSL|x86.ActiveCfg = Release|Win32
		{FDA2E6CF-46B0-4219-BDF1-1840623482FF}.DLL Release - DLL OpenSSL|x86.Build.0 = Release|Win32
		{FDA2E6CF-46B0-4219-BDF1-1840623482FF}.DLL Release - DLL Windows SSPI|x64.ActiveCfg = Release|x64
		{FDA2E6CF-46B0-4219-BDF1-1840623482FF}.DLL Release - DLL Windows SSPI|x64.Build.0 = Release|x64
		{FDA2E6CF-46B0-4219-BDF1-1840623482FF}.DLL Release - DLL Windows SSPI|x86.ActiveCfg = Release|Win32
		{FDA2E6CF-46B0-4219-BDF1-1840623482FF}.DLL Release - DLL Windows SSPI|x86.Build.0 = Release|Win32
		{FDA2E6CF-46B0-4219-BDF1-1840623482FF}.DLL Release|x64.ActiveCfg = Release|x64
		{FDA2E6CF-46B0-4219-BDF1-1840623482FF}.DLL Release|x64.Build.0 = Release|x64
		{FDA2E6CF-46B0-4219-BDF1-1840623482FF}.DLL Release|x86.ActiveCfg = Release|Win32
		{FDA2E6CF-46B0-4219-BDF1-1840623482FF}.DLL Release|x86.Build.0 = Release|Win32
		{FDA2E6CF-46B0-4219-BDF1-1840623482FF}.LIB Debug - DLL OpenSSL - DLL LibSSH2|x64.ActiveCfg = Debug|x64
		{FDA2E6CF-46B0-4219-BDF1-1840623482FF}.LIB Debug - DLL OpenSSL - DLL LibSSH2|x64.Build.0 = Debug|x64
		{FDA2E6CF-46B0-4219-BDF1-1840623482FF}.LIB Debug - DLL OpenSSL - DLL LibSSH2|x86.ActiveCfg = Debug|Win32
		{FDA2E6CF-46B0-4219-BDF1-1840623482FF}.LIB Debug - DLL OpenSSL - DLL LibSSH2|x86.Build.0 = Debug|Win32
		{FDA2E6CF-46B0-4219-BDF1-1840623482FF}.LIB Debug - DLL OpenSSL|x64.ActiveCfg = Debug|x64
		{FDA2E6CF-46B0-4219-BDF1-1840623482FF}.LIB Debug - DLL OpenSSL|x64.Build.0 = Debug|x64
		{FDA2E6CF-46B0-4219-BDF1-1840623482FF}.LIB Debug - DLL OpenSSL|x86.ActiveCfg = Debug|Win32
		{FDA2E6CF-46B0-4219-BDF1-1840623482FF}.LIB Debug - DLL OpenSSL|x86.Build.0 = Debug|Win32
		{FDA2E6CF-46B0-4219-BDF1-1840623482FF}.LIB Debug - DLL Windows SSPI|x64.ActiveCfg = Debug|x64
		{FDA2E6CF-46B0-4219-BDF1-1840623482FF}.LIB Debug - DLL Windows SSPI|x64.Build.0 = Debug|x64
		{FDA2E6CF-46B0-4219-BDF1-1840623482FF}.LIB Debug - DLL Windows SSPI|x86.ActiveCfg = Debug|Win32
		{FDA2E6CF-46B0-4219-BDF1-1840623482FF}.LIB Debug - DLL Windows SSPI|x86.Build.0 = Debug|Win32
		{FDA2E6CF-46B0-4219-BDF1-1840623482FF}.LIB Debug - LIB OpenSSL - LIB LibSSH2|x64.ActiveCfg = Debug|x64
		{FDA2E6CF-46B0-4219-BDF1-1840623482FF}.LIB Debug - LIB OpenSSL - LIB LibSSH2|x64.Build.0 = Debug|x64
		{FDA2E6CF-46B0-4219-BDF1-1840623482FF}.LIB Debug - LIB OpenSSL - LIB LibSSH2|x86.ActiveCfg = Debug|Win32
		{FDA2E6CF-46B0-4219-BDF1-1840623482FF}.LIB Debug - LIB OpenSSL - LIB LibSSH2|x86.Build.0 = Debug|Win32
		{FDA2E6CF-46B0-4219-BDF1-1840623482FF}.LIB Debug - LIB OpenSSL|x64.ActiveCfg = Debug|x64
		{FDA2E6CF-46B0-4219-BDF1-1840623482FF}.LIB Debug - LIB OpenSSL|x64.Build.0 = Debug|x64
		{FDA2E6CF-46B0-4219-BDF1-1840623482FF}.LIB Debug - LIB OpenSSL|x86.ActiveCfg = Debug|Win32
		{FDA2E6CF-46B0-4219-BDF1-1840623482FF}.LIB Debug - LIB OpenSSL|x86.Build.0 = Debug|Win32
		{FDA2E6CF-46B0-4219-BDF1-1840623482FF}.LIB Debug|x64.ActiveCfg = Debug|x64
		{FDA2E6CF-46B0-4219-BDF1-1840623482FF}.LIB Debug|x64.Build.0 = Debug|x64
		{FDA2E6CF-46B0-4219-BDF1-1840623482FF}.LIB Debug|x86.ActiveCfg = Debug|Win32
		{FDA2E6CF-46B0-4219-BDF1-1840623482FF}.LIB Debug|x86.Build.0 = Debug|Win32
		{FDA2E6CF-46B0-4219-BDF1-1840623482FF}.LIB Release - DLL OpenSSL - DLL LibSSH2|x64.ActiveCfg = Release|x64
		{FDA2E6CF-46B0-4219-BDF1-1840623482FF}.LIB Release - DLL OpenSSL - DLL LibSSH2|x64.Build.0 = Release|x64
		{FDA2E6CF-46B0-4219-BDF1-1840623482FF}.LIB Release - DLL OpenSSL - DLL LibSSH2|x86.ActiveCfg = Release|Win32
		{FDA2E6CF-46B0-4219-BDF1-1840623482FF}.LIB Release - DLL OpenSSL - DLL LibSSH2|x86.Build.0 = Release|Win32
		{FDA2E6CF-46B0-4219-BDF1-1840623482FF}.LIB Release - DLL OpenSSL|x64.ActiveCfg = Release|x64
		{FDA2E6CF-46B0-4219-BDF1-1840623482FF}.LIB Release - DLL OpenSSL|x64.Build.0 = Release|x64
		{FDA2E6CF-46B0-4219-BDF1-1840623482FF}.LIB Release - DLL OpenSSL|x86.ActiveCfg = Release|Win32
		{FDA2E6CF-46B0-4219-BDF1-1840623482FF}.LIB Release - DLL OpenSSL|x86.Build.0 = Release|Win32
		{FDA2E6CF-46B0-4219-BDF1-1840623482FF}.LIB Release - DLL Windows SSPI|x64.ActiveCfg = Release|x64
		{FDA2E6CF-46B0-4219-BDF1-1840623482FF}.LIB Release - DLL Windows SSPI|x64.Build.0 = Release|x64
		{FDA2E6CF-46B0-4219-BDF1-1840623482FF}.LIB Release - DLL Windows SSPI|x86.ActiveCfg = Release|Win32
		{FDA2E6CF-46B0-4219-BDF1-1840623482FF}.LIB Release - DLL Windows SSPI|x86.Build.0 = Release|Win32
		{FDA2E6CF-46B0-4219-BDF1-1840623482FF}.LIB Release - LIB OpenSSL - LIB LibSSH2|x64.ActiveCfg = Release|x64
		{FDA2E6CF-46B0-4219-BDF1-1840623482FF}.LIB Release - LIB OpenSSL - LIB LibSSH2|x64.Build.0 = Release|x64
		{FDA2E6CF-46B0-4219-BDF1-1840623482FF}.LIB Release - LIB OpenSSL - LIB LibSSH2|x86.ActiveCfg = Release|Win32
		{FDA2E6CF-46B0-4219-BDF1-1840623482FF}.LIB Release - LIB OpenSSL - LIB LibSSH2|x86.Build.0 = Release|Win32
		{FDA2E6CF-46B0-4219-BDF1-1840623482FF}.LIB Release - LIB OpenSSL|x64.ActiveCfg = Release|x64
		{FDA2E6CF-46B0-4219-BDF1-1840623482FF}.LIB Release - LIB OpenSSL|x64.Build.0 = Release|x64
		{FDA2E6CF-46B0-4219-BDF1-1840623482FF}.LIB Release - LIB OpenSSL|x86.ActiveCfg = Release|Win32
		{FDA2E6CF-46B0-4219-BDF1-1840623482FF}.LIB Release - LIB OpenSSL|x86.Build.0 = Release|Win32
		{FDA2E6CF-46B0-4219-BDF1-1840623482FF}.LIB Release|x64.ActiveCfg = Release|x64
		{FDA2E6CF-46B0-4219-BDF1-1840623482FF}.LIB Release|x64.Build.0 = Release|x64
		{FDA2E6CF-46B0-4219-BDF1-1840623482FF}.LIB Release|x86.ActiveCfg = Release|Win32
		{FDA2E6CF-46B0-4219-BDF1-1840623482FF}.LIB Release|x86.Build.0 = Release|Win32
		{FDA2E6CF-46B0-4219-BDF1-1840623482FF}.Release_XP|x64.ActiveCfg = Release|x64
		{FDA2E6CF-46B0-4219-BDF1-1840623482FF}.Release_XP|x64.Build.0 = Release|x64
		{FDA2E6CF-46B0-4219-BDF1-1840623482FF}.Release_XP|x86.ActiveCfg = Release|Win32
		{FDA2E6CF-46B0-4219-BDF1-1840623482FF}.Release_XP|x86.Build.0 = Release|Win32
		{FDA2E6CF-46B0-4219-BDF1-1840623482FF}.Release|x64.ActiveCfg = Release|x64
		{FDA2E6CF-46B0-4219-BDF1-1840623482FF}.Release|x64.Build.0 = Release|x64
		{FDA2E6CF-46B0-4219-BDF1-1840623482FF}.Release|x86.ActiveCfg = Release|Win32
		{FDA2E6CF-46B0-4219-BDF1-1840623482FF}.Release|x86.Build.0 = Release|Win32
	EndGlobalSection
	GlobalSection(SolutionProperties) = preSolution
		HideSolutionNode = FALSE
	EndGlobalSection
	GlobalSection(NestedProjects) = preSolution
		{8F3FE293-D9B1-4C72-BB96-155AF4A8910B} = {987725F0-591F-4C41-B5C7-A87B63D56F56}
		{17F9075F-67AC-4EAB-8181-C195A5D52696} = {987725F0-591F-4C41-B5C7-A87B63D56F56}
		{3AD8CC48-9221-480A-9B11-FAA7A54FC340} = {987725F0-591F-4C41-B5C7-A87B63D56F56}
		{DA6F56B4-06A4-441D-AD70-AC5A7D51FADB} = {987725F0-591F-4C41-B5C7-A87B63D56F56}
		{5A8AE24D-1BC4-4561-B754-486B5C266555} = {987725F0-591F-4C41-B5C7-A87B63D56F56}
		{E62D9A7F-ED7A-4657-88F2-F233F91380EA} = {9EBC7C68-3E8E-4873-BF4E-7054EA791851}
	EndGlobalSection
EndGlobal
